// !$*UTF8*$!
{
	archiveVersion = 1;
	classes = {
	};
	objectVersion = 52;
	objects = {

/* Begin PBXBuildFile section */
		00371531256BF39B00F68734 /* MediaView.swift in Sources */ = {isa = PBXBuildFile; fileRef = 00371530256BF39B00F68734 /* MediaView.swift */; };
		00371541256C141100F68734 /* UserView.swift in Sources */ = {isa = PBXBuildFile; fileRef = 00371540256C141100F68734 /* UserView.swift */; };
		0057D5CA2569716F0085D9EF /* ActivityFeedView.swift in Sources */ = {isa = PBXBuildFile; fileRef = 0057D5C92569716F0085D9EF /* ActivityFeedView.swift */; };
		0057D5D12569718F0085D9EF /* ActivityFeedViewModel.swift in Sources */ = {isa = PBXBuildFile; fileRef = 0057D5D02569718F0085D9EF /* ActivityFeedViewModel.swift */; };
		0057D5D9256973F60085D9EF /* ActivityFeedListKindView.swift in Sources */ = {isa = PBXBuildFile; fileRef = 0057D5D8256973F60085D9EF /* ActivityFeedListKindView.swift */; };
		0057D5E0256974030085D9EF /* ActivityFeedTextKindView.swift in Sources */ = {isa = PBXBuildFile; fileRef = 0057D5DF256974030085D9EF /* ActivityFeedTextKindView.swift */; };
		0057D5E72569740D0085D9EF /* ActivityFeedMessageKindView.swift in Sources */ = {isa = PBXBuildFile; fileRef = 0057D5E62569740D0085D9EF /* ActivityFeedMessageKindView.swift */; };
		006ED0D82517A80B004992F7 /* String+Capitalize.swift in Sources */ = {isa = PBXBuildFile; fileRef = 006ED0D72517A80B004992F7 /* String+Capitalize.swift */; };
		006ED0E52517C9F6004992F7 /* Color+Hex.swift in Sources */ = {isa = PBXBuildFile; fileRef = 006ED0E42517C9F6004992F7 /* Color+Hex.swift */; };
		0070E5F02503045200BC0509 /* TabNavigationView.swift in Sources */ = {isa = PBXBuildFile; fileRef = 0070E5EF2503045200BC0509 /* TabNavigationView.swift */; };
		0073DB80251EEE48000C1FA1 /* SettingsKeys.swift in Sources */ = {isa = PBXBuildFile; fileRef = 0073DB7F251EEE48000C1FA1 /* SettingsKeys.swift */; };
		007A1FF6256EE70200FB0713 /* ActivityView.swift in Sources */ = {isa = PBXBuildFile; fileRef = 007A1FF5256EE70100FB0713 /* ActivityView.swift */; };
		007A2001256EE71E00FB0713 /* ActivityViewModel.swift in Sources */ = {isa = PBXBuildFile; fileRef = 007A2000256EE71E00FB0713 /* ActivityViewModel.swift */; };
		007A20952570B05A00FB0713 /* Logging in Frameworks */ = {isa = PBXBuildFile; productRef = 007A20942570B05A00FB0713 /* Logging */; };
		00836396256782CA002A16B4 /* AniList.swift in Sources */ = {isa = PBXBuildFile; fileRef = 00836395256782CA002A16B4 /* AniList.swift */; };
		00869F362502A75300D2DB6F /* Anime_CatalogApp.swift in Sources */ = {isa = PBXBuildFile; fileRef = 00869F0D2502A75100D2DB6F /* Anime_CatalogApp.swift */; };
		00869F382502A75300D2DB6F /* ContentView.swift in Sources */ = {isa = PBXBuildFile; fileRef = 00869F0E2502A75100D2DB6F /* ContentView.swift */; };
		00869F3A2502A75300D2DB6F /* Assets.xcassets in Resources */ = {isa = PBXBuildFile; fileRef = 00869F0F2502A75300D2DB6F /* Assets.xcassets */; };
		00869F4C2502B1D200D2DB6F /* SDWebImageSwiftUI in Frameworks */ = {isa = PBXBuildFile; productRef = 00869F4B2502B1D200D2DB6F /* SDWebImageSwiftUI */; };
		00869F4F2502B2D600D2DB6F /* Apollo in Frameworks */ = {isa = PBXBuildFile; productRef = 00869F4E2502B2D600D2DB6F /* Apollo */; };
		00869F642502CAE600D2DB6F /* GraphQLNetwork.swift in Sources */ = {isa = PBXBuildFile; fileRef = 00869F632502CAE600D2DB6F /* GraphQLNetwork.swift */; };
		00986BCA256878C90008D80C /* CurrentUser.swift in Sources */ = {isa = PBXBuildFile; fileRef = 00986BC9256878C90008D80C /* CurrentUser.swift */; };
		00C1088A257341B600E3DCBA /* RichView.swift in Sources */ = {isa = PBXBuildFile; fileRef = 00C10889257341B600E3DCBA /* RichView.swift */; };
		00C108922573426000E3DCBA /* SwiftSoup in Frameworks */ = {isa = PBXBuildFile; productRef = 00C108912573426000E3DCBA /* SwiftSoup */; };
		00C108A5257361E100E3DCBA /* Markdown.graphql.swift in Sources */ = {isa = PBXBuildFile; fileRef = 00C108A0257361E100E3DCBA /* Markdown.graphql.swift */; };
		00C108A7257361E100E3DCBA /* ActivityFeed.graphql.swift in Sources */ = {isa = PBXBuildFile; fileRef = 00C108A1257361E100E3DCBA /* ActivityFeed.graphql.swift */; };
		00C108A9257361E100E3DCBA /* CurrentUser.graphql.swift in Sources */ = {isa = PBXBuildFile; fileRef = 00C108A2257361E100E3DCBA /* CurrentUser.graphql.swift */; };
		00C108AB257361E100E3DCBA /* Types.graphql.swift in Sources */ = {isa = PBXBuildFile; fileRef = 00C108A3257361E100E3DCBA /* Types.graphql.swift */; };
		00C108AD257361E100E3DCBA /* Activity.graphql.swift in Sources */ = {isa = PBXBuildFile; fileRef = 00C108A4257361E100E3DCBA /* Activity.graphql.swift */; };
		00CA19A4252FA04B00B1D2D8 /* Activity+Identifiable.swift in Sources */ = {isa = PBXBuildFile; fileRef = 00CA19A3252FA04B00B1D2D8 /* Activity+Identifiable.swift */; };
/* End PBXBuildFile section */

/* Begin PBXFileReference section */
		00371530256BF39B00F68734 /* MediaView.swift */ = {isa = PBXFileReference; lastKnownFileType = sourcecode.swift; path = MediaView.swift; sourceTree = "<group>"; };
		00371540256C141100F68734 /* UserView.swift */ = {isa = PBXFileReference; lastKnownFileType = sourcecode.swift; path = UserView.swift; sourceTree = "<group>"; };
		0057D5C92569716F0085D9EF /* ActivityFeedView.swift */ = {isa = PBXFileReference; lastKnownFileType = sourcecode.swift; path = ActivityFeedView.swift; sourceTree = "<group>"; };
		0057D5D02569718F0085D9EF /* ActivityFeedViewModel.swift */ = {isa = PBXFileReference; lastKnownFileType = sourcecode.swift; path = ActivityFeedViewModel.swift; sourceTree = "<group>"; };
		0057D5D8256973F60085D9EF /* ActivityFeedListKindView.swift */ = {isa = PBXFileReference; lastKnownFileType = sourcecode.swift; path = ActivityFeedListKindView.swift; sourceTree = "<group>"; };
		0057D5DF256974030085D9EF /* ActivityFeedTextKindView.swift */ = {isa = PBXFileReference; lastKnownFileType = sourcecode.swift; path = ActivityFeedTextKindView.swift; sourceTree = "<group>"; };
		0057D5E62569740D0085D9EF /* ActivityFeedMessageKindView.swift */ = {isa = PBXFileReference; lastKnownFileType = sourcecode.swift; path = ActivityFeedMessageKindView.swift; sourceTree = "<group>"; };
		0065F54C2576E7BB00233495 /* ListChildren.playground */ = {isa = PBXFileReference; lastKnownFileType = file.playground; name = ListChildren.playground; path = "../../../../../Library/Autosave Information/ListChildren.playground"; sourceTree = "<group>"; xcLanguageSpecificationIdentifier = xcode.lang.swift; };
		006ED0D72517A80B004992F7 /* String+Capitalize.swift */ = {isa = PBXFileReference; lastKnownFileType = sourcecode.swift; path = "String+Capitalize.swift"; sourceTree = "<group>"; };
		006ED0E42517C9F6004992F7 /* Color+Hex.swift */ = {isa = PBXFileReference; lastKnownFileType = sourcecode.swift; path = "Color+Hex.swift"; sourceTree = "<group>"; };
		0070E5EF2503045200BC0509 /* TabNavigationView.swift */ = {isa = PBXFileReference; lastKnownFileType = sourcecode.swift; path = TabNavigationView.swift; sourceTree = "<group>"; };
		0073DB7F251EEE48000C1FA1 /* SettingsKeys.swift */ = {isa = PBXFileReference; lastKnownFileType = sourcecode.swift; path = SettingsKeys.swift; sourceTree = "<group>"; };
		007A1FDB256EBA4800FB0713 /* Activity.graphql */ = {isa = PBXFileReference; lastKnownFileType = text; path = Activity.graphql; sourceTree = "<group>"; };
		007A1FF5256EE70100FB0713 /* ActivityView.swift */ = {isa = PBXFileReference; lastKnownFileType = sourcecode.swift; path = ActivityView.swift; sourceTree = "<group>"; };
		007A2000256EE71E00FB0713 /* ActivityViewModel.swift */ = {isa = PBXFileReference; lastKnownFileType = sourcecode.swift; path = ActivityViewModel.swift; sourceTree = "<group>"; };
		00836395256782CA002A16B4 /* AniList.swift */ = {isa = PBXFileReference; lastKnownFileType = sourcecode.swift; path = AniList.swift; sourceTree = "<group>"; };
		00869F0D2502A75100D2DB6F /* Anime_CatalogApp.swift */ = {isa = PBXFileReference; lastKnownFileType = sourcecode.swift; path = Anime_CatalogApp.swift; sourceTree = "<group>"; };
		00869F0E2502A75100D2DB6F /* ContentView.swift */ = {isa = PBXFileReference; lastKnownFileType = sourcecode.swift; path = ContentView.swift; sourceTree = "<group>"; };
		00869F0F2502A75300D2DB6F /* Assets.xcassets */ = {isa = PBXFileReference; lastKnownFileType = folder.assetcatalog; path = Assets.xcassets; sourceTree = "<group>"; };
		00869F142502A75300D2DB6F /* Amincapp.app */ = {isa = PBXFileReference; explicitFileType = wrapper.application; includeInIndex = 0; path = Amincapp.app; sourceTree = BUILT_PRODUCTS_DIR; };
		00869F172502A75300D2DB6F /* Info.plist */ = {isa = PBXFileReference; lastKnownFileType = text.plist.xml; path = Info.plist; sourceTree = "<group>"; };
		00869F542502C0EE00D2DB6F /* schema.json */ = {isa = PBXFileReference; fileEncoding = 4; lastKnownFileType = text.json; path = schema.json; sourceTree = "<group>"; };
		00869F632502CAE600D2DB6F /* GraphQLNetwork.swift */ = {isa = PBXFileReference; lastKnownFileType = sourcecode.swift; path = GraphQLNetwork.swift; sourceTree = "<group>"; };
		00869F662502D68C00D2DB6F /* LICENSE */ = {isa = PBXFileReference; lastKnownFileType = text; path = LICENSE; sourceTree = "<group>"; };
		00869F672502D79300D2DB6F /* .gitignore */ = {isa = PBXFileReference; lastKnownFileType = text; path = .gitignore; sourceTree = "<group>"; };
		00869F682502D7E500D2DB6F /* README.md */ = {isa = PBXFileReference; lastKnownFileType = net.daringfireball.markdown; path = README.md; sourceTree = "<group>"; };
		00986BC9256878C90008D80C /* CurrentUser.swift */ = {isa = PBXFileReference; fileEncoding = 4; lastKnownFileType = sourcecode.swift; path = CurrentUser.swift; sourceTree = "<group>"; };
		00C10889257341B600E3DCBA /* RichView.swift */ = {isa = PBXFileReference; lastKnownFileType = sourcecode.swift; path = RichView.swift; sourceTree = "<group>"; };
		00C108972573619D00E3DCBA /* Markdown.graphql */ = {isa = PBXFileReference; lastKnownFileType = text; path = Markdown.graphql; sourceTree = "<group>"; };
		00C108A0257361E100E3DCBA /* Markdown.graphql.swift */ = {isa = PBXFileReference; fileEncoding = 4; lastKnownFileType = sourcecode.swift; path = Markdown.graphql.swift; sourceTree = "<group>"; };
		00C108A1257361E100E3DCBA /* ActivityFeed.graphql.swift */ = {isa = PBXFileReference; fileEncoding = 4; lastKnownFileType = sourcecode.swift; path = ActivityFeed.graphql.swift; sourceTree = "<group>"; };
		00C108A2257361E100E3DCBA /* CurrentUser.graphql.swift */ = {isa = PBXFileReference; fileEncoding = 4; lastKnownFileType = sourcecode.swift; path = CurrentUser.graphql.swift; sourceTree = "<group>"; };
		00C108A3257361E100E3DCBA /* Types.graphql.swift */ = {isa = PBXFileReference; fileEncoding = 4; lastKnownFileType = sourcecode.swift; path = Types.graphql.swift; sourceTree = "<group>"; };
		00C108A4257361E100E3DCBA /* Activity.graphql.swift */ = {isa = PBXFileReference; fileEncoding = 4; lastKnownFileType = sourcecode.swift; path = Activity.graphql.swift; sourceTree = "<group>"; };
		00C9B2FB251F996F000A8139 /* CurrentUser.graphql */ = {isa = PBXFileReference; lastKnownFileType = text; path = CurrentUser.graphql; sourceTree = "<group>"; };
		00CA1971252F7B0300B1D2D8 /* ActivityFeed.graphql */ = {isa = PBXFileReference; lastKnownFileType = text; path = ActivityFeed.graphql; sourceTree = "<group>"; };
		00CA19A3252FA04B00B1D2D8 /* Activity+Identifiable.swift */ = {isa = PBXFileReference; lastKnownFileType = sourcecode.swift; path = "Activity+Identifiable.swift"; sourceTree = "<group>"; };
/* End PBXFileReference section */

/* Begin PBXFrameworksBuildPhase section */
		00869F112502A75300D2DB6F /* Frameworks */ = {
			isa = PBXFrameworksBuildPhase;
			buildActionMask = 2147483647;
			files = (
				007A20952570B05A00FB0713 /* Logging in Frameworks */,
				00C108922573426000E3DCBA /* SwiftSoup in Frameworks */,
				00869F4C2502B1D200D2DB6F /* SDWebImageSwiftUI in Frameworks */,
				00869F4F2502B2D600D2DB6F /* Apollo in Frameworks */,
			);
			runOnlyForDeploymentPostprocessing = 0;
		};
/* End PBXFrameworksBuildPhase section */

/* Begin PBXGroup section */
		0037152F256BF39000F68734 /* Media */ = {
			isa = PBXGroup;
			children = (
				00371530256BF39B00F68734 /* MediaView.swift */,
			);
			path = Media;
			sourceTree = "<group>";
		};
		0037153F256C140000F68734 /* User */ = {
			isa = PBXGroup;
			children = (
				00371540256C141100F68734 /* UserView.swift */,
			);
			path = User;
			sourceTree = "<group>";
		};
		0057D5C82569712F0085D9EF /* Activity */ = {
			isa = PBXGroup;
			children = (
				007A1FF5256EE70100FB0713 /* ActivityView.swift */,
				007A2000256EE71E00FB0713 /* ActivityViewModel.swift */,
				007A1FF0256EC59A00FB0713 /* Feed */,
			);
			path = Activity;
			sourceTree = "<group>";
		};
		0057D5D72569739A0085D9EF /* Union */ = {
			isa = PBXGroup;
			children = (
				0057D5D8256973F60085D9EF /* ActivityFeedListKindView.swift */,
				0057D5DF256974030085D9EF /* ActivityFeedTextKindView.swift */,
				0057D5E62569740D0085D9EF /* ActivityFeedMessageKindView.swift */,
			);
			path = Union;
			sourceTree = "<group>";
		};
		0065F54B2576E78C00233495 /* Playgrounds */ = {
			isa = PBXGroup;
			children = (
				0065F54C2576E7BB00233495 /* ListChildren.playground */,
			);
			path = Playgrounds;
			sourceTree = "<group>";
		};
		0073DB7E251EEE2E000C1FA1 /* Settings */ = {
			isa = PBXGroup;
			children = (
				0073DB7F251EEE48000C1FA1 /* SettingsKeys.swift */,
			);
			path = Settings;
			sourceTree = "<group>";
		};
		007A1FF0256EC59A00FB0713 /* Feed */ = {
			isa = PBXGroup;
			children = (
				0057D5C92569716F0085D9EF /* ActivityFeedView.swift */,
				0057D5D02569718F0085D9EF /* ActivityFeedViewModel.swift */,
				0057D5D72569739A0085D9EF /* Union */,
			);
			path = Feed;
			sourceTree = "<group>";
		};
		00869F072502A75100D2DB6F = {
			isa = PBXGroup;
			children = (
				00869F672502D79300D2DB6F /* .gitignore */,
				00869F662502D68C00D2DB6F /* LICENSE */,
				00869F682502D7E500D2DB6F /* README.md */,
				00869F0C2502A75100D2DB6F /* Shared */,
				00869F162502A75300D2DB6F /* iOS */,
				00869F152502A75300D2DB6F /* Products */,
			);
			sourceTree = "<group>";
		};
		00869F0C2502A75100D2DB6F /* Shared */ = {
			isa = PBXGroup;
			children = (
				00869F0D2502A75100D2DB6F /* Anime_CatalogApp.swift */,
				00869F0E2502A75100D2DB6F /* ContentView.swift */,
				00869F0F2502A75300D2DB6F /* Assets.xcassets */,
				00986BD4256878D40008D80C /* Environments */,
				008CDBF025169A8B00B948D4 /* Extensions */,
				00CAB6EE251977CA00B8C64F /* Features */,
				00C9B2F9251F9830000A8139 /* GraphQL */,
				00869F622502CACE00D2DB6F /* Networking */,
				0065F54B2576E78C00233495 /* Playgrounds */,
				0073DB7E251EEE2E000C1FA1 /* Settings */,
				00C10889257341B600E3DCBA /* RichView.swift */,
			);
			path = Shared;
			sourceTree = "<group>";
		};
		00869F152502A75300D2DB6F /* Products */ = {
			isa = PBXGroup;
			children = (
				00869F142502A75300D2DB6F /* Amincapp.app */,
			);
			name = Products;
			sourceTree = "<group>";
		};
		00869F162502A75300D2DB6F /* iOS */ = {
			isa = PBXGroup;
			children = (
				00869F172502A75300D2DB6F /* Info.plist */,
				0070E5EF2503045200BC0509 /* TabNavigationView.swift */,
			);
			path = iOS;
			sourceTree = "<group>";
		};
		00869F622502CACE00D2DB6F /* Networking */ = {
			isa = PBXGroup;
			children = (
				00869F632502CAE600D2DB6F /* GraphQLNetwork.swift */,
			);
			path = Networking;
			sourceTree = "<group>";
		};
		008CDBF025169A8B00B948D4 /* Extensions */ = {
			isa = PBXGroup;
			children = (
				00CA19A3252FA04B00B1D2D8 /* Activity+Identifiable.swift */,
				006ED0E42517C9F6004992F7 /* Color+Hex.swift */,
				006ED0D72517A80B004992F7 /* String+Capitalize.swift */,
			);
			path = Extensions;
			sourceTree = "<group>";
		};
		00986BD4256878D40008D80C /* Environments */ = {
			isa = PBXGroup;
			children = (
				00836395256782CA002A16B4 /* AniList.swift */,
				00986BC9256878C90008D80C /* CurrentUser.swift */,
			);
			path = Environments;
			sourceTree = "<group>";
		};
		00BB687F251FE13B00B7DDC9 /* API */ = {
			isa = PBXGroup;
			children = (
				00BB6880251FE14A00B7DDC9 /* AniList */,
			);
			path = API;
			sourceTree = "<group>";
		};
		00BB6880251FE14A00B7DDC9 /* AniList */ = {
			isa = PBXGroup;
			children = (
				00C108A4257361E100E3DCBA /* Activity.graphql.swift */,
				00C108A1257361E100E3DCBA /* ActivityFeed.graphql.swift */,
				00C108A2257361E100E3DCBA /* CurrentUser.graphql.swift */,
				00C108A0257361E100E3DCBA /* Markdown.graphql.swift */,
				00C108A3257361E100E3DCBA /* Types.graphql.swift */,
			);
			path = AniList;
			sourceTree = "<group>";
		};
		00C9B2F9251F9830000A8139 /* GraphQL */ = {
			isa = PBXGroup;
			children = (
				00BB687F251FE13B00B7DDC9 /* API */,
				00C9B2FA251F9847000A8139 /* AniList */,
			);
			path = GraphQL;
			sourceTree = "<group>";
		};
		00C9B2FA251F9847000A8139 /* AniList */ = {
			isa = PBXGroup;
			children = (
				00869F542502C0EE00D2DB6F /* schema.json */,
				007A1FDB256EBA4800FB0713 /* Activity.graphql */,
				00CA1971252F7B0300B1D2D8 /* ActivityFeed.graphql */,
				00C9B2FB251F996F000A8139 /* CurrentUser.graphql */,
				00C108972573619D00E3DCBA /* Markdown.graphql */,
			);
			path = AniList;
			sourceTree = "<group>";
		};
		00CAB6EE251977CA00B8C64F /* Features */ = {
			isa = PBXGroup;
			children = (
				0057D5C82569712F0085D9EF /* Activity */,
				0037152F256BF39000F68734 /* Media */,
				0037153F256C140000F68734 /* User */,
			);
			path = Features;
			sourceTree = "<group>";
		};
/* End PBXGroup section */

/* Begin PBXNativeTarget section */
		00869F132502A75300D2DB6F /* Amincapp (iOS) */ = {
			isa = PBXNativeTarget;
			buildConfigurationList = 00869F3E2502A75300D2DB6F /* Build configuration list for PBXNativeTarget "Amincapp (iOS)" */;
			buildPhases = (
				00869F502502B85900D2DB6F /* Generate Apollo GraphQL API */,
				00869F102502A75300D2DB6F /* Sources */,
				00869F112502A75300D2DB6F /* Frameworks */,
				00869F122502A75300D2DB6F /* Resources */,
			);
			buildRules = (
			);
			dependencies = (
			);
			name = "Amincapp (iOS)";
			packageProductDependencies = (
				00869F4B2502B1D200D2DB6F /* SDWebImageSwiftUI */,
				00869F4E2502B2D600D2DB6F /* Apollo */,
				007A20942570B05A00FB0713 /* Logging */,
				00C108912573426000E3DCBA /* SwiftSoup */,
			);
			productName = "Anime Catalog (iOS)";
			productReference = 00869F142502A75300D2DB6F /* Amincapp.app */;
			productType = "com.apple.product-type.application";
		};
/* End PBXNativeTarget section */

/* Begin PBXProject section */
		00869F082502A75100D2DB6F /* Project object */ = {
			isa = PBXProject;
			attributes = {
				LastSwiftUpdateCheck = 1200;
				LastUpgradeCheck = 1200;
				TargetAttributes = {
					00869F132502A75300D2DB6F = {
						CreatedOnToolsVersion = 12.0;
					};
				};
			};
			buildConfigurationList = 00869F0B2502A75100D2DB6F /* Build configuration list for PBXProject "Amincapp" */;
			compatibilityVersion = "Xcode 9.3";
			developmentRegion = en;
			hasScannedForEncodings = 0;
			knownRegions = (
				en,
				Base,
			);
			mainGroup = 00869F072502A75100D2DB6F;
			packageReferences = (
				00869F4A2502B1D200D2DB6F /* XCRemoteSwiftPackageReference "SDWebImageSwiftUI" */,
				00869F4D2502B2D600D2DB6F /* XCRemoteSwiftPackageReference "apollo-ios" */,
				007A20932570B05900FB0713 /* XCRemoteSwiftPackageReference "swift-log" */,
				00C108902573426000E3DCBA /* XCRemoteSwiftPackageReference "SwiftSoup" */,
			);
			productRefGroup = 00869F152502A75300D2DB6F /* Products */;
			projectDirPath = "";
			projectRoot = "";
			targets = (
				00869F132502A75300D2DB6F /* Amincapp (iOS) */,
			);
		};
/* End PBXProject section */

/* Begin PBXResourcesBuildPhase section */
		00869F122502A75300D2DB6F /* Resources */ = {
			isa = PBXResourcesBuildPhase;
			buildActionMask = 2147483647;
			files = (
				00869F3A2502A75300D2DB6F /* Assets.xcassets in Resources */,
			);
			runOnlyForDeploymentPostprocessing = 0;
		};
/* End PBXResourcesBuildPhase section */

/* Begin PBXShellScriptBuildPhase section */
		00869F502502B85900D2DB6F /* Generate Apollo GraphQL API */ = {
			isa = PBXShellScriptBuildPhase;
			buildActionMask = 2147483647;
			files = (
			);
			inputFileListPaths = (
			);
			inputPaths = (
				"$(SRCROOT)/**/GraphQL/**/*.graphql",
			);
			name = "Generate Apollo GraphQL API";
			outputFileListPaths = (
			);
			outputPaths = (
			);
			runOnlyForDeploymentPostprocessing = 0;
			shellPath = /bin/sh;
			shellScript = "# Go to the build root and search up the chain to find the Derived Data Path where the source packages are checked out.\nDERIVED_DATA_CANDIDATE=\"${BUILD_ROOT}\"\n\nwhile ! [ -d \"${DERIVED_DATA_CANDIDATE}/SourcePackages\" ]; do\n  if [ \"${DERIVED_DATA_CANDIDATE}\" = / ]; then\n    echo >&2 \"error: Unable to locate SourcePackages directory from BUILD_ROOT: '${BUILD_ROOT}'\"\n    exit 1\n  fi\n\n  DERIVED_DATA_CANDIDATE=\"$(dirname \"${DERIVED_DATA_CANDIDATE}\")\"\ndone\n\n# Grab a reference to the directory where scripts are checked out\nSCRIPT_PATH=\"${DERIVED_DATA_CANDIDATE}/SourcePackages/checkouts/apollo-ios/scripts\"\n\nif [ -z \"${SCRIPT_PATH}\" ]; then\n    echo >&2 \"error: Couldn't find the CLI script in your checked out SPM packages; make sure to add the framework to your project.\"\n    exit 1\nfi\n\ncd \"${SRCROOT}/${TARGET_NAME}\"\n\n# AniList\n\"${SCRIPT_PATH}\"/run-bundled-codegen.sh codegen:generate --omitDeprecatedEnumCases --target swift --includes './Shared/GraphQL/AniList/*.graphql' --localSchemaFile ./Shared/GraphQL/AniList/schema.json ./Shared/GraphQL/API/AniList\n# \"${SCRIPT_PATH}\"/run-bundled-codegen.sh schema:download --endpoint=\"https://graphql.anilist.co\" ./Shared/GraphQL/AniList/schema.json\n";
		};
/* End PBXShellScriptBuildPhase section */

/* Begin PBXSourcesBuildPhase section */
		00869F102502A75300D2DB6F /* Sources */ = {
			isa = PBXSourcesBuildPhase;
			buildActionMask = 2147483647;
			files = (
				006ED0D82517A80B004992F7 /* String+Capitalize.swift in Sources */,
				0057D5E0256974030085D9EF /* ActivityFeedTextKindView.swift in Sources */,
				006ED0E52517C9F6004992F7 /* Color+Hex.swift in Sources */,
				00C108A9257361E100E3DCBA /* CurrentUser.graphql.swift in Sources */,
				0057D5CA2569716F0085D9EF /* ActivityFeedView.swift in Sources */,
				00986BCA256878C90008D80C /* CurrentUser.swift in Sources */,
				0057D5D9256973F60085D9EF /* ActivityFeedListKindView.swift in Sources */,
				00869F642502CAE600D2DB6F /* GraphQLNetwork.swift in Sources */,
				00C108A7257361E100E3DCBA /* ActivityFeed.graphql.swift in Sources */,
				00371541256C141100F68734 /* UserView.swift in Sources */,
				00C1088A257341B600E3DCBA /* RichView.swift in Sources */,
				00836396256782CA002A16B4 /* AniList.swift in Sources */,
				00C108AD257361E100E3DCBA /* Activity.graphql.swift in Sources */,
				007A2001256EE71E00FB0713 /* ActivityViewModel.swift in Sources */,
				0057D5E72569740D0085D9EF /* ActivityFeedMessageKindView.swift in Sources */,
				00371531256BF39B00F68734 /* MediaView.swift in Sources */,
				0070E5F02503045200BC0509 /* TabNavigationView.swift in Sources */,
				00C108AB257361E100E3DCBA /* Types.graphql.swift in Sources */,
				00CA19A4252FA04B00B1D2D8 /* Activity+Identifiable.swift in Sources */,
				00869F382502A75300D2DB6F /* ContentView.swift in Sources */,
				007A1FF6256EE70200FB0713 /* ActivityView.swift in Sources */,
				0057D5D12569718F0085D9EF /* ActivityFeedViewModel.swift in Sources */,
				00869F362502A75300D2DB6F /* Anime_CatalogApp.swift in Sources */,
				0073DB80251EEE48000C1FA1 /* SettingsKeys.swift in Sources */,
				00C108A5257361E100E3DCBA /* Markdown.graphql.swift in Sources */,
			);
			runOnlyForDeploymentPostprocessing = 0;
		};
/* End PBXSourcesBuildPhase section */

/* Begin XCBuildConfiguration section */
		00869F3C2502A75300D2DB6F /* Debug */ = {
			isa = XCBuildConfiguration;
			buildSettings = {
				ALWAYS_SEARCH_USER_PATHS = NO;
				CLANG_ANALYZER_NONNULL = YES;
				CLANG_ANALYZER_NUMBER_OBJECT_CONVERSION = YES_AGGRESSIVE;
				CLANG_CXX_LANGUAGE_STANDARD = "gnu++14";
				CLANG_CXX_LIBRARY = "libc++";
				CLANG_ENABLE_MODULES = YES;
				CLANG_ENABLE_OBJC_ARC = YES;
				CLANG_ENABLE_OBJC_WEAK = YES;
				CLANG_WARN_BLOCK_CAPTURE_AUTORELEASING = YES;
				CLANG_WARN_BOOL_CONVERSION = YES;
				CLANG_WARN_COMMA = YES;
				CLANG_WARN_CONSTANT_CONVERSION = YES;
				CLANG_WARN_DEPRECATED_OBJC_IMPLEMENTATIONS = YES;
				CLANG_WARN_DIRECT_OBJC_ISA_USAGE = YES_ERROR;
				CLANG_WARN_DOCUMENTATION_COMMENTS = YES;
				CLANG_WARN_EMPTY_BODY = YES;
				CLANG_WARN_ENUM_CONVERSION = YES;
				CLANG_WARN_INFINITE_RECURSION = YES;
				CLANG_WARN_INT_CONVERSION = YES;
				CLANG_WARN_NON_LITERAL_NULL_CONVERSION = YES;
				CLANG_WARN_OBJC_IMPLICIT_RETAIN_SELF = YES;
				CLANG_WARN_OBJC_LITERAL_CONVERSION = YES;
				CLANG_WARN_OBJC_ROOT_CLASS = YES_ERROR;
				CLANG_WARN_QUOTED_INCLUDE_IN_FRAMEWORK_HEADER = YES;
				CLANG_WARN_RANGE_LOOP_ANALYSIS = YES;
				CLANG_WARN_STRICT_PROTOTYPES = YES;
				CLANG_WARN_SUSPICIOUS_MOVE = YES;
				CLANG_WARN_UNGUARDED_AVAILABILITY = YES_AGGRESSIVE;
				CLANG_WARN_UNREACHABLE_CODE = YES;
				CLANG_WARN__DUPLICATE_METHOD_MATCH = YES;
				COPY_PHASE_STRIP = NO;
				DEBUG_INFORMATION_FORMAT = dwarf;
				ENABLE_STRICT_OBJC_MSGSEND = YES;
				ENABLE_TESTABILITY = YES;
				GCC_C_LANGUAGE_STANDARD = gnu11;
				GCC_DYNAMIC_NO_PIC = NO;
				GCC_NO_COMMON_BLOCKS = YES;
				GCC_OPTIMIZATION_LEVEL = 0;
				GCC_PREPROCESSOR_DEFINITIONS = (
					"DEBUG=1",
					"$(inherited)",
				);
				GCC_WARN_64_TO_32_BIT_CONVERSION = YES;
				GCC_WARN_ABOUT_RETURN_TYPE = YES_ERROR;
				GCC_WARN_UNDECLARED_SELECTOR = YES;
				GCC_WARN_UNINITIALIZED_AUTOS = YES_AGGRESSIVE;
				GCC_WARN_UNUSED_FUNCTION = YES;
				GCC_WARN_UNUSED_VARIABLE = YES;
				MTL_ENABLE_DEBUG_INFO = INCLUDE_SOURCE;
				MTL_FAST_MATH = YES;
				ONLY_ACTIVE_ARCH = YES;
				SWIFT_ACTIVE_COMPILATION_CONDITIONS = DEBUG;
				SWIFT_OPTIMIZATION_LEVEL = "-Onone";
			};
			name = Debug;
		};
		00869F3D2502A75300D2DB6F /* Release */ = {
			isa = XCBuildConfiguration;
			buildSettings = {
				ALWAYS_SEARCH_USER_PATHS = NO;
				CLANG_ANALYZER_NONNULL = YES;
				CLANG_ANALYZER_NUMBER_OBJECT_CONVERSION = YES_AGGRESSIVE;
				CLANG_CXX_LANGUAGE_STANDARD = "gnu++14";
				CLANG_CXX_LIBRARY = "libc++";
				CLANG_ENABLE_MODULES = YES;
				CLANG_ENABLE_OBJC_ARC = YES;
				CLANG_ENABLE_OBJC_WEAK = YES;
				CLANG_WARN_BLOCK_CAPTURE_AUTORELEASING = YES;
				CLANG_WARN_BOOL_CONVERSION = YES;
				CLANG_WARN_COMMA = YES;
				CLANG_WARN_CONSTANT_CONVERSION = YES;
				CLANG_WARN_DEPRECATED_OBJC_IMPLEMENTATIONS = YES;
				CLANG_WARN_DIRECT_OBJC_ISA_USAGE = YES_ERROR;
				CLANG_WARN_DOCUMENTATION_COMMENTS = YES;
				CLANG_WARN_EMPTY_BODY = YES;
				CLANG_WARN_ENUM_CONVERSION = YES;
				CLANG_WARN_INFINITE_RECURSION = YES;
				CLANG_WARN_INT_CONVERSION = YES;
				CLANG_WARN_NON_LITERAL_NULL_CONVERSION = YES;
				CLANG_WARN_OBJC_IMPLICIT_RETAIN_SELF = YES;
				CLANG_WARN_OBJC_LITERAL_CONVERSION = YES;
				CLANG_WARN_OBJC_ROOT_CLASS = YES_ERROR;
				CLANG_WARN_QUOTED_INCLUDE_IN_FRAMEWORK_HEADER = YES;
				CLANG_WARN_RANGE_LOOP_ANALYSIS = YES;
				CLANG_WARN_STRICT_PROTOTYPES = YES;
				CLANG_WARN_SUSPICIOUS_MOVE = YES;
				CLANG_WARN_UNGUARDED_AVAILABILITY = YES_AGGRESSIVE;
				CLANG_WARN_UNREACHABLE_CODE = YES;
				CLANG_WARN__DUPLICATE_METHOD_MATCH = YES;
				COPY_PHASE_STRIP = NO;
				DEBUG_INFORMATION_FORMAT = "dwarf-with-dsym";
				ENABLE_NS_ASSERTIONS = NO;
				ENABLE_STRICT_OBJC_MSGSEND = YES;
				GCC_C_LANGUAGE_STANDARD = gnu11;
				GCC_NO_COMMON_BLOCKS = YES;
				GCC_WARN_64_TO_32_BIT_CONVERSION = YES;
				GCC_WARN_ABOUT_RETURN_TYPE = YES_ERROR;
				GCC_WARN_UNDECLARED_SELECTOR = YES;
				GCC_WARN_UNINITIALIZED_AUTOS = YES_AGGRESSIVE;
				GCC_WARN_UNUSED_FUNCTION = YES;
				GCC_WARN_UNUSED_VARIABLE = YES;
				MTL_ENABLE_DEBUG_INFO = NO;
				MTL_FAST_MATH = YES;
				SWIFT_COMPILATION_MODE = wholemodule;
				SWIFT_OPTIMIZATION_LEVEL = "-O";
			};
			name = Release;
		};
		00869F3F2502A75300D2DB6F /* Debug */ = {
			isa = XCBuildConfiguration;
			buildSettings = {
				ASSETCATALOG_COMPILER_APPICON_NAME = AppIcon;
				ASSETCATALOG_COMPILER_GLOBAL_ACCENT_COLOR_NAME = AccentColor;
				CODE_SIGN_IDENTITY = "Apple Development";
				CODE_SIGN_STYLE = Automatic;
				CURRENT_PROJECT_VERSION = 1;
				DEVELOPMENT_TEAM = UYJ357XWK6;
				ENABLE_PREVIEWS = YES;
				INFOPLIST_FILE = iOS/Info.plist;
				IPHONEOS_DEPLOYMENT_TARGET = 14.0;
				LD_RUNPATH_SEARCH_PATHS = (
					"$(inherited)",
					"@executable_path/Frameworks",
				);
				MARKETING_VERSION = 0.1.0;
				PRODUCT_BUNDLE_IDENTIFIER = "com.github.litelt.Amincapp-Apple";
				PRODUCT_NAME = Amincapp;
				PROVISIONING_PROFILE_SPECIFIER = "";
				SDKROOT = iphoneos;
				SWIFT_VERSION = 5.0;
				TARGETED_DEVICE_FAMILY = "1,2";
			};
			name = Debug;
		};
		00869F402502A75300D2DB6F /* Release */ = {
			isa = XCBuildConfiguration;
			buildSettings = {
				ASSETCATALOG_COMPILER_APPICON_NAME = AppIcon;
				ASSETCATALOG_COMPILER_GLOBAL_ACCENT_COLOR_NAME = AccentColor;
				CODE_SIGN_IDENTITY = "Apple Development";
				CODE_SIGN_STYLE = Automatic;
				CURRENT_PROJECT_VERSION = 1;
				DEVELOPMENT_TEAM = UYJ357XWK6;
				ENABLE_PREVIEWS = YES;
				INFOPLIST_FILE = iOS/Info.plist;
				IPHONEOS_DEPLOYMENT_TARGET = 14.0;
				LD_RUNPATH_SEARCH_PATHS = (
					"$(inherited)",
					"@executable_path/Frameworks",
				);
				MARKETING_VERSION = 0.1.0;
				PRODUCT_BUNDLE_IDENTIFIER = "com.github.litelt.Amincapp-Apple";
				PRODUCT_NAME = Amincapp;
				PROVISIONING_PROFILE_SPECIFIER = "";
				SDKROOT = iphoneos;
				SWIFT_VERSION = 5.0;
				TARGETED_DEVICE_FAMILY = "1,2";
				VALIDATE_PRODUCT = YES;
			};
			name = Release;
		};
/* End XCBuildConfiguration section */

/* Begin XCConfigurationList section */
		00869F0B2502A75100D2DB6F /* Build configuration list for PBXProject "Amincapp" */ = {
			isa = XCConfigurationList;
			buildConfigurations = (
				00869F3C2502A75300D2DB6F /* Debug */,
				00869F3D2502A75300D2DB6F /* Release */,
			);
			defaultConfigurationIsVisible = 0;
			defaultConfigurationName = Release;
		};
		00869F3E2502A75300D2DB6F /* Build configuration list for PBXNativeTarget "Amincapp (iOS)" */ = {
			isa = XCConfigurationList;
			buildConfigurations = (
				00869F3F2502A75300D2DB6F /* Debug */,
				00869F402502A75300D2DB6F /* Release */,
			);
			defaultConfigurationIsVisible = 0;
			defaultConfigurationName = Release;
		};
/* End XCConfigurationList section */

/* Begin XCRemoteSwiftPackageReference section */
		007A20932570B05900FB0713 /* XCRemoteSwiftPackageReference "swift-log" */ = {
			isa = XCRemoteSwiftPackageReference;
			repositoryURL = "https://github.com/apple/swift-log";
			requirement = {
				kind = upToNextMinorVersion;
				minimumVersion = 1.4.0;
			};
		};
		00869F4A2502B1D200D2DB6F /* XCRemoteSwiftPackageReference "SDWebImageSwiftUI" */ = {
			isa = XCRemoteSwiftPackageReference;
			repositoryURL = "https://github.com/SDWebImage/SDWebImageSwiftUI.git";
			requirement = {
				kind = upToNextMinorVersion;
				minimumVersion = 1.5.0;
			};
		};
		00869F4D2502B2D600D2DB6F /* XCRemoteSwiftPackageReference "apollo-ios" */ = {
			isa = XCRemoteSwiftPackageReference;
			repositoryURL = "https://github.com/apollographql/apollo-ios.git";
			requirement = {
				kind = upToNextMinorVersion;
				minimumVersion = 0.37.0;
			};
		};
		00C108902573426000E3DCBA /* XCRemoteSwiftPackageReference "SwiftSoup" */ = {
			isa = XCRemoteSwiftPackageReference;
			repositoryURL = "https://github.com/scinfu/SwiftSoup";
			requirement = {
				kind = upToNextMinorVersion;
				minimumVersion = 2.3.2;
			};
		};
/* End XCRemoteSwiftPackageReference section */

/* Begin XCSwiftPackageProductDependency section */
		007A20942570B05A00FB0713 /* Logging */ = {
			isa = XCSwiftPackageProductDependency;
			package = 007A20932570B05900FB0713 /* XCRemoteSwiftPackageReference "swift-log" */;
			productName = Logging;
		};
		00869F4B2502B1D200D2DB6F /* SDWebImageSwiftUI */ = {
			isa = XCSwiftPackageProductDependency;
			package = 00869F4A2502B1D200D2DB6F /* XCRemoteSwiftPackageReference "SDWebImageSwiftUI" */;
			productName = SDWebImageSwiftUI;
		};
		00869F4E2502B2D600D2DB6F /* Apollo */ = {
			isa = XCSwiftPackageProductDependency;
			package = 00869F4D2502B2D600D2DB6F /* XCRemoteSwiftPackageReference "apollo-ios" */;
			productName = Apollo;
		};
		00C108912573426000E3DCBA /* SwiftSoup */ = {
			isa = XCSwiftPackageProductDependency;
			package = 00C108902573426000E3DCBA /* XCRemoteSwiftPackageReference "SwiftSoup" */;
			productName = SwiftSoup;
		};
/* End XCSwiftPackageProductDependency section */
	};
	rootObject = 00869F082502A75100D2DB6F /* Project object */;
}
