// !$*UTF8*$!
{
	archiveVersion = 1;
	classes = {
	};
	objectVersion = 52;
	objects = {

/* Begin PBXBuildFile section */
		00276224256B2E410043A480 /* MarkdownParse.graphql.swift in Sources */ = {isa = PBXBuildFile; fileRef = 0027621F256B2E400043A480 /* MarkdownParse.graphql.swift */; };
		00276225256B2E410043A480 /* MarkdownParse.graphql.swift in Sources */ = {isa = PBXBuildFile; fileRef = 0027621F256B2E400043A480 /* MarkdownParse.graphql.swift */; };
		00276226256B2E410043A480 /* User.graphql.swift in Sources */ = {isa = PBXBuildFile; fileRef = 00276220256B2E410043A480 /* User.graphql.swift */; };
		00276227256B2E410043A480 /* User.graphql.swift in Sources */ = {isa = PBXBuildFile; fileRef = 00276220256B2E410043A480 /* User.graphql.swift */; };
		00276228256B2E410043A480 /* Types.graphql.swift in Sources */ = {isa = PBXBuildFile; fileRef = 00276221256B2E410043A480 /* Types.graphql.swift */; };
		00276229256B2E410043A480 /* Types.graphql.swift in Sources */ = {isa = PBXBuildFile; fileRef = 00276221256B2E410043A480 /* Types.graphql.swift */; };
		0027622A256B2E410043A480 /* ActivityFeed.graphql.swift in Sources */ = {isa = PBXBuildFile; fileRef = 00276222256B2E410043A480 /* ActivityFeed.graphql.swift */; };
		0027622B256B2E410043A480 /* ActivityFeed.graphql.swift in Sources */ = {isa = PBXBuildFile; fileRef = 00276222256B2E410043A480 /* ActivityFeed.graphql.swift */; };
		0027622C256B2E410043A480 /* CurrentUser.graphql.swift in Sources */ = {isa = PBXBuildFile; fileRef = 00276223256B2E410043A480 /* CurrentUser.graphql.swift */; };
		0027622D256B2E410043A480 /* CurrentUser.graphql.swift in Sources */ = {isa = PBXBuildFile; fileRef = 00276223256B2E410043A480 /* CurrentUser.graphql.swift */; };
		00371531256BF39B00F68734 /* MediaView.swift in Sources */ = {isa = PBXBuildFile; fileRef = 00371530256BF39B00F68734 /* MediaView.swift */; };
		00371532256BF39B00F68734 /* MediaView.swift in Sources */ = {isa = PBXBuildFile; fileRef = 00371530256BF39B00F68734 /* MediaView.swift */; };
		00371541256C141100F68734 /* UserView.swift in Sources */ = {isa = PBXBuildFile; fileRef = 00371540256C141100F68734 /* UserView.swift */; };
		00371542256C141100F68734 /* UserView.swift in Sources */ = {isa = PBXBuildFile; fileRef = 00371540256C141100F68734 /* UserView.swift */; };
		00453BBE25656A7C00C389B1 /* Apollo in Frameworks */ = {isa = PBXBuildFile; productRef = 00453BBD25656A7C00C389B1 /* Apollo */; };
		00453BC425656A9000C389B1 /* SDWebImageSwiftUI in Frameworks */ = {isa = PBXBuildFile; productRef = 00453BC325656A9000C389B1 /* SDWebImageSwiftUI */; };
		0057D5CA2569716F0085D9EF /* ActivityView.swift in Sources */ = {isa = PBXBuildFile; fileRef = 0057D5C92569716F0085D9EF /* ActivityView.swift */; };
		0057D5CB2569716F0085D9EF /* ActivityView.swift in Sources */ = {isa = PBXBuildFile; fileRef = 0057D5C92569716F0085D9EF /* ActivityView.swift */; };
		0057D5D12569718F0085D9EF /* ActivityViewModel.swift in Sources */ = {isa = PBXBuildFile; fileRef = 0057D5D02569718F0085D9EF /* ActivityViewModel.swift */; };
		0057D5D22569718F0085D9EF /* ActivityViewModel.swift in Sources */ = {isa = PBXBuildFile; fileRef = 0057D5D02569718F0085D9EF /* ActivityViewModel.swift */; };
		0057D5D9256973F60085D9EF /* ActivityListActivityView.swift in Sources */ = {isa = PBXBuildFile; fileRef = 0057D5D8256973F60085D9EF /* ActivityListActivityView.swift */; };
		0057D5DA256973F60085D9EF /* ActivityListActivityView.swift in Sources */ = {isa = PBXBuildFile; fileRef = 0057D5D8256973F60085D9EF /* ActivityListActivityView.swift */; };
		0057D5E0256974030085D9EF /* ActivityTextActivityView.swift in Sources */ = {isa = PBXBuildFile; fileRef = 0057D5DF256974030085D9EF /* ActivityTextActivityView.swift */; };
		0057D5E1256974030085D9EF /* ActivityTextActivityView.swift in Sources */ = {isa = PBXBuildFile; fileRef = 0057D5DF256974030085D9EF /* ActivityTextActivityView.swift */; };
		0057D5E72569740D0085D9EF /* ActivityMessageActivityView.swift in Sources */ = {isa = PBXBuildFile; fileRef = 0057D5E62569740D0085D9EF /* ActivityMessageActivityView.swift */; };
		0057D5E82569740D0085D9EF /* ActivityMessageActivityView.swift in Sources */ = {isa = PBXBuildFile; fileRef = 0057D5E62569740D0085D9EF /* ActivityMessageActivityView.swift */; };
		006ED0D82517A80B004992F7 /* String+Capitalize.swift in Sources */ = {isa = PBXBuildFile; fileRef = 006ED0D72517A80B004992F7 /* String+Capitalize.swift */; };
		006ED0D92517A80B004992F7 /* String+Capitalize.swift in Sources */ = {isa = PBXBuildFile; fileRef = 006ED0D72517A80B004992F7 /* String+Capitalize.swift */; };
		006ED0E52517C9F6004992F7 /* Color+Hex.swift in Sources */ = {isa = PBXBuildFile; fileRef = 006ED0E42517C9F6004992F7 /* Color+Hex.swift */; };
		006ED0E62517C9F6004992F7 /* Color+Hex.swift in Sources */ = {isa = PBXBuildFile; fileRef = 006ED0E42517C9F6004992F7 /* Color+Hex.swift */; };
		0070E5F02503045200BC0509 /* TabNavigationView.swift in Sources */ = {isa = PBXBuildFile; fileRef = 0070E5EF2503045200BC0509 /* TabNavigationView.swift */; };
		0073DB80251EEE48000C1FA1 /* SettingsKeys.swift in Sources */ = {isa = PBXBuildFile; fileRef = 0073DB7F251EEE48000C1FA1 /* SettingsKeys.swift */; };
		0073DB81251EEE48000C1FA1 /* SettingsKeys.swift in Sources */ = {isa = PBXBuildFile; fileRef = 0073DB7F251EEE48000C1FA1 /* SettingsKeys.swift */; };
		00836396256782CA002A16B4 /* AniList.swift in Sources */ = {isa = PBXBuildFile; fileRef = 00836395256782CA002A16B4 /* AniList.swift */; };
		00869F292502A75300D2DB6F /* Tests_iOS.swift in Sources */ = {isa = PBXBuildFile; fileRef = 00869F282502A75300D2DB6F /* Tests_iOS.swift */; };
		00869F342502A75300D2DB6F /* Tests_macOS.swift in Sources */ = {isa = PBXBuildFile; fileRef = 00869F332502A75300D2DB6F /* Tests_macOS.swift */; };
		00869F362502A75300D2DB6F /* Anime_CatalogApp.swift in Sources */ = {isa = PBXBuildFile; fileRef = 00869F0D2502A75100D2DB6F /* Anime_CatalogApp.swift */; };
		00869F372502A75300D2DB6F /* Anime_CatalogApp.swift in Sources */ = {isa = PBXBuildFile; fileRef = 00869F0D2502A75100D2DB6F /* Anime_CatalogApp.swift */; };
		00869F382502A75300D2DB6F /* ContentView.swift in Sources */ = {isa = PBXBuildFile; fileRef = 00869F0E2502A75100D2DB6F /* ContentView.swift */; };
		00869F392502A75300D2DB6F /* ContentView.swift in Sources */ = {isa = PBXBuildFile; fileRef = 00869F0E2502A75100D2DB6F /* ContentView.swift */; };
		00869F3A2502A75300D2DB6F /* Assets.xcassets in Resources */ = {isa = PBXBuildFile; fileRef = 00869F0F2502A75300D2DB6F /* Assets.xcassets */; };
		00869F3B2502A75300D2DB6F /* Assets.xcassets in Resources */ = {isa = PBXBuildFile; fileRef = 00869F0F2502A75300D2DB6F /* Assets.xcassets */; };
		00869F4C2502B1D200D2DB6F /* SDWebImageSwiftUI in Frameworks */ = {isa = PBXBuildFile; productRef = 00869F4B2502B1D200D2DB6F /* SDWebImageSwiftUI */; };
		00869F4F2502B2D600D2DB6F /* Apollo in Frameworks */ = {isa = PBXBuildFile; productRef = 00869F4E2502B2D600D2DB6F /* Apollo */; };
		00869F642502CAE600D2DB6F /* ApolloNetwork.swift in Sources */ = {isa = PBXBuildFile; fileRef = 00869F632502CAE600D2DB6F /* ApolloNetwork.swift */; };
		00869F652502CAE600D2DB6F /* ApolloNetwork.swift in Sources */ = {isa = PBXBuildFile; fileRef = 00869F632502CAE600D2DB6F /* ApolloNetwork.swift */; };
		00986BB62568482A0008D80C /* AniList.swift in Sources */ = {isa = PBXBuildFile; fileRef = 00836395256782CA002A16B4 /* AniList.swift */; };
		00986BCA256878C90008D80C /* CurrentUser.swift in Sources */ = {isa = PBXBuildFile; fileRef = 00986BC9256878C90008D80C /* CurrentUser.swift */; };
		00986BCB256878C90008D80C /* CurrentUser.swift in Sources */ = {isa = PBXBuildFile; fileRef = 00986BC9256878C90008D80C /* CurrentUser.swift */; };
		00CA19A4252FA04B00B1D2D8 /* Activity+Identifiable.swift in Sources */ = {isa = PBXBuildFile; fileRef = 00CA19A3252FA04B00B1D2D8 /* Activity+Identifiable.swift */; };
		00CA19A5252FA04B00B1D2D8 /* Activity+Identifiable.swift in Sources */ = {isa = PBXBuildFile; fileRef = 00CA19A3252FA04B00B1D2D8 /* Activity+Identifiable.swift */; };
/* End PBXBuildFile section */

/* Begin PBXContainerItemProxy section */
		00869F252502A75300D2DB6F /* PBXContainerItemProxy */ = {
			isa = PBXContainerItemProxy;
			containerPortal = 00869F082502A75100D2DB6F /* Project object */;
			proxyType = 1;
			remoteGlobalIDString = 00869F132502A75300D2DB6F;
			remoteInfo = "Anime Catalog (iOS)";
		};
		00869F302502A75300D2DB6F /* PBXContainerItemProxy */ = {
			isa = PBXContainerItemProxy;
			containerPortal = 00869F082502A75100D2DB6F /* Project object */;
			proxyType = 1;
			remoteGlobalIDString = 00869F1B2502A75300D2DB6F;
			remoteInfo = "Anime Catalog (macOS)";
		};
/* End PBXContainerItemProxy section */

/* Begin PBXFileReference section */
		0027621F256B2E400043A480 /* MarkdownParse.graphql.swift */ = {isa = PBXFileReference; fileEncoding = 4; lastKnownFileType = sourcecode.swift; path = MarkdownParse.graphql.swift; sourceTree = "<group>"; };
		00276220256B2E410043A480 /* User.graphql.swift */ = {isa = PBXFileReference; fileEncoding = 4; lastKnownFileType = sourcecode.swift; path = User.graphql.swift; sourceTree = "<group>"; };
		00276221256B2E410043A480 /* Types.graphql.swift */ = {isa = PBXFileReference; fileEncoding = 4; lastKnownFileType = sourcecode.swift; path = Types.graphql.swift; sourceTree = "<group>"; };
		00276222256B2E410043A480 /* ActivityFeed.graphql.swift */ = {isa = PBXFileReference; fileEncoding = 4; lastKnownFileType = sourcecode.swift; path = ActivityFeed.graphql.swift; sourceTree = "<group>"; };
		00276223256B2E410043A480 /* CurrentUser.graphql.swift */ = {isa = PBXFileReference; fileEncoding = 4; lastKnownFileType = sourcecode.swift; path = CurrentUser.graphql.swift; sourceTree = "<group>"; };
		00371530256BF39B00F68734 /* MediaView.swift */ = {isa = PBXFileReference; lastKnownFileType = sourcecode.swift; path = MediaView.swift; sourceTree = "<group>"; };
		00371540256C141100F68734 /* UserView.swift */ = {isa = PBXFileReference; lastKnownFileType = sourcecode.swift; path = UserView.swift; sourceTree = "<group>"; };
		00406C6A25224966005FC266 /* Markdown.graphql */ = {isa = PBXFileReference; lastKnownFileType = text; path = Markdown.graphql; sourceTree = "<group>"; };
		0057D5C92569716F0085D9EF /* ActivityView.swift */ = {isa = PBXFileReference; lastKnownFileType = sourcecode.swift; path = ActivityView.swift; sourceTree = "<group>"; };
		0057D5D02569718F0085D9EF /* ActivityViewModel.swift */ = {isa = PBXFileReference; lastKnownFileType = sourcecode.swift; path = ActivityViewModel.swift; sourceTree = "<group>"; };
		0057D5D8256973F60085D9EF /* ActivityListActivityView.swift */ = {isa = PBXFileReference; lastKnownFileType = sourcecode.swift; path = ActivityListActivityView.swift; sourceTree = "<group>"; };
		0057D5DF256974030085D9EF /* ActivityTextActivityView.swift */ = {isa = PBXFileReference; lastKnownFileType = sourcecode.swift; path = ActivityTextActivityView.swift; sourceTree = "<group>"; };
		0057D5E62569740D0085D9EF /* ActivityMessageActivityView.swift */ = {isa = PBXFileReference; lastKnownFileType = sourcecode.swift; path = ActivityMessageActivityView.swift; sourceTree = "<group>"; };
		006ED0D72517A80B004992F7 /* String+Capitalize.swift */ = {isa = PBXFileReference; lastKnownFileType = sourcecode.swift; path = "String+Capitalize.swift"; sourceTree = "<group>"; };
		006ED0E42517C9F6004992F7 /* Color+Hex.swift */ = {isa = PBXFileReference; lastKnownFileType = sourcecode.swift; path = "Color+Hex.swift"; sourceTree = "<group>"; };
		0070E5EF2503045200BC0509 /* TabNavigationView.swift */ = {isa = PBXFileReference; lastKnownFileType = sourcecode.swift; path = TabNavigationView.swift; sourceTree = "<group>"; };
		0073DB7F251EEE48000C1FA1 /* SettingsKeys.swift */ = {isa = PBXFileReference; lastKnownFileType = sourcecode.swift; path = SettingsKeys.swift; sourceTree = "<group>"; };
		00836395256782CA002A16B4 /* AniList.swift */ = {isa = PBXFileReference; lastKnownFileType = sourcecode.swift; path = AniList.swift; sourceTree = "<group>"; };
		00869F0D2502A75100D2DB6F /* Anime_CatalogApp.swift */ = {isa = PBXFileReference; lastKnownFileType = sourcecode.swift; path = Anime_CatalogApp.swift; sourceTree = "<group>"; };
		00869F0E2502A75100D2DB6F /* ContentView.swift */ = {isa = PBXFileReference; lastKnownFileType = sourcecode.swift; path = ContentView.swift; sourceTree = "<group>"; };
		00869F0F2502A75300D2DB6F /* Assets.xcassets */ = {isa = PBXFileReference; lastKnownFileType = folder.assetcatalog; path = Assets.xcassets; sourceTree = "<group>"; };
		00869F142502A75300D2DB6F /* Amincapp.app */ = {isa = PBXFileReference; explicitFileType = wrapper.application; includeInIndex = 0; path = Amincapp.app; sourceTree = BUILT_PRODUCTS_DIR; };
		00869F172502A75300D2DB6F /* Info.plist */ = {isa = PBXFileReference; lastKnownFileType = text.plist.xml; path = Info.plist; sourceTree = "<group>"; };
		00869F1C2502A75300D2DB6F /* Amincapp.app */ = {isa = PBXFileReference; explicitFileType = wrapper.application; includeInIndex = 0; path = Amincapp.app; sourceTree = BUILT_PRODUCTS_DIR; };
		00869F1E2502A75300D2DB6F /* Info.plist */ = {isa = PBXFileReference; lastKnownFileType = text.plist.xml; path = Info.plist; sourceTree = "<group>"; };
		00869F1F2502A75300D2DB6F /* macOS.entitlements */ = {isa = PBXFileReference; lastKnownFileType = text.plist.entitlements; path = macOS.entitlements; sourceTree = "<group>"; };
		00869F242502A75300D2DB6F /* Tests iOS.xctest */ = {isa = PBXFileReference; explicitFileType = wrapper.cfbundle; includeInIndex = 0; path = "Tests iOS.xctest"; sourceTree = BUILT_PRODUCTS_DIR; };
		00869F282502A75300D2DB6F /* Tests_iOS.swift */ = {isa = PBXFileReference; lastKnownFileType = sourcecode.swift; path = Tests_iOS.swift; sourceTree = "<group>"; };
		00869F2A2502A75300D2DB6F /* Info.plist */ = {isa = PBXFileReference; lastKnownFileType = text.plist.xml; path = Info.plist; sourceTree = "<group>"; };
		00869F2F2502A75300D2DB6F /* Tests macOS.xctest */ = {isa = PBXFileReference; explicitFileType = wrapper.cfbundle; includeInIndex = 0; path = "Tests macOS.xctest"; sourceTree = BUILT_PRODUCTS_DIR; };
		00869F332502A75300D2DB6F /* Tests_macOS.swift */ = {isa = PBXFileReference; lastKnownFileType = sourcecode.swift; path = Tests_macOS.swift; sourceTree = "<group>"; };
		00869F352502A75300D2DB6F /* Info.plist */ = {isa = PBXFileReference; lastKnownFileType = text.plist.xml; path = Info.plist; sourceTree = "<group>"; };
		00869F542502C0EE00D2DB6F /* schema.json */ = {isa = PBXFileReference; fileEncoding = 4; lastKnownFileType = text.json; path = schema.json; sourceTree = "<group>"; };
		00869F632502CAE600D2DB6F /* ApolloNetwork.swift */ = {isa = PBXFileReference; lastKnownFileType = sourcecode.swift; path = ApolloNetwork.swift; sourceTree = "<group>"; };
		00869F662502D68C00D2DB6F /* LICENSE */ = {isa = PBXFileReference; lastKnownFileType = text; path = LICENSE; sourceTree = "<group>"; };
		00869F672502D79300D2DB6F /* .gitignore */ = {isa = PBXFileReference; lastKnownFileType = text; path = .gitignore; sourceTree = "<group>"; };
		00869F682502D7E500D2DB6F /* README.md */ = {isa = PBXFileReference; lastKnownFileType = net.daringfireball.markdown; path = README.md; sourceTree = "<group>"; };
		00986BC9256878C90008D80C /* CurrentUser.swift */ = {isa = PBXFileReference; fileEncoding = 4; lastKnownFileType = sourcecode.swift; path = CurrentUser.swift; sourceTree = "<group>"; };
		00BB686A251FCBFC00B7DDC9 /* User.graphql */ = {isa = PBXFileReference; lastKnownFileType = text; path = User.graphql; sourceTree = "<group>"; };
		00C9B2FB251F996F000A8139 /* CurrentUser.graphql */ = {isa = PBXFileReference; lastKnownFileType = text; path = CurrentUser.graphql; sourceTree = "<group>"; };
		00CA1971252F7B0300B1D2D8 /* ActivityFeed.graphql */ = {isa = PBXFileReference; lastKnownFileType = text; path = ActivityFeed.graphql; sourceTree = "<group>"; };
		00CA19A3252FA04B00B1D2D8 /* Activity+Identifiable.swift */ = {isa = PBXFileReference; lastKnownFileType = sourcecode.swift; path = "Activity+Identifiable.swift"; sourceTree = "<group>"; };
/* End PBXFileReference section */

/* Begin PBXFrameworksBuildPhase section */
		00869F112502A75300D2DB6F /* Frameworks */ = {
			isa = PBXFrameworksBuildPhase;
			buildActionMask = 2147483647;
			files = (
				00869F4C2502B1D200D2DB6F /* SDWebImageSwiftUI in Frameworks */,
				00869F4F2502B2D600D2DB6F /* Apollo in Frameworks */,
			);
			runOnlyForDeploymentPostprocessing = 0;
		};
		00869F192502A75300D2DB6F /* Frameworks */ = {
			isa = PBXFrameworksBuildPhase;
			buildActionMask = 2147483647;
			files = (
				00453BC425656A9000C389B1 /* SDWebImageSwiftUI in Frameworks */,
				00453BBE25656A7C00C389B1 /* Apollo in Frameworks */,
			);
			runOnlyForDeploymentPostprocessing = 0;
		};
		00869F212502A75300D2DB6F /* Frameworks */ = {
			isa = PBXFrameworksBuildPhase;
			buildActionMask = 2147483647;
			files = (
			);
			runOnlyForDeploymentPostprocessing = 0;
		};
		00869F2C2502A75300D2DB6F /* Frameworks */ = {
			isa = PBXFrameworksBuildPhase;
			buildActionMask = 2147483647;
			files = (
			);
			runOnlyForDeploymentPostprocessing = 0;
		};
/* End PBXFrameworksBuildPhase section */

/* Begin PBXGroup section */
		0037152F256BF39000F68734 /* Media */ = {
			isa = PBXGroup;
			children = (
				00371530256BF39B00F68734 /* MediaView.swift */,
			);
			path = Media;
			sourceTree = "<group>";
		};
		0037153F256C140000F68734 /* User */ = {
			isa = PBXGroup;
			children = (
				00371540256C141100F68734 /* UserView.swift */,
			);
			path = User;
			sourceTree = "<group>";
		};
		0057D5C82569712F0085D9EF /* Activity */ = {
			isa = PBXGroup;
			children = (
				0057D5C92569716F0085D9EF /* ActivityView.swift */,
				0057D5D02569718F0085D9EF /* ActivityViewModel.swift */,
				0057D5D72569739A0085D9EF /* Union */,
			);
			path = Activity;
			sourceTree = "<group>";
		};
		0057D5D72569739A0085D9EF /* Union */ = {
			isa = PBXGroup;
			children = (
				0057D5D8256973F60085D9EF /* ActivityListActivityView.swift */,
				0057D5DF256974030085D9EF /* ActivityTextActivityView.swift */,
				0057D5E62569740D0085D9EF /* ActivityMessageActivityView.swift */,
			);
			path = Union;
			sourceTree = "<group>";
		};
		0073DB7E251EEE2E000C1FA1 /* Settings */ = {
			isa = PBXGroup;
			children = (
				0073DB7F251EEE48000C1FA1 /* SettingsKeys.swift */,
			);
			path = Settings;
			sourceTree = "<group>";
		};
		00869F072502A75100D2DB6F = {
			isa = PBXGroup;
			children = (
				00869F672502D79300D2DB6F /* .gitignore */,
				00869F662502D68C00D2DB6F /* LICENSE */,
				00869F682502D7E500D2DB6F /* README.md */,
				00869F0C2502A75100D2DB6F /* Shared */,
				00869F162502A75300D2DB6F /* iOS */,
				00869F1D2502A75300D2DB6F /* macOS */,
				00869F272502A75300D2DB6F /* Tests iOS */,
				00869F322502A75300D2DB6F /* Tests macOS */,
				00869F152502A75300D2DB6F /* Products */,
			);
			sourceTree = "<group>";
		};
		00869F0C2502A75100D2DB6F /* Shared */ = {
			isa = PBXGroup;
			children = (
				00869F0D2502A75100D2DB6F /* Anime_CatalogApp.swift */,
				00869F0E2502A75100D2DB6F /* ContentView.swift */,
				00869F0F2502A75300D2DB6F /* Assets.xcassets */,
				00986BD4256878D40008D80C /* Environments */,
				008CDBF025169A8B00B948D4 /* Extensions */,
				00CAB6EE251977CA00B8C64F /* Features */,
				00C9B2F9251F9830000A8139 /* GraphQL */,
				00869F622502CACE00D2DB6F /* Networking */,
				0073DB7E251EEE2E000C1FA1 /* Settings */,
			);
			path = Shared;
			sourceTree = "<group>";
		};
		00869F152502A75300D2DB6F /* Products */ = {
			isa = PBXGroup;
			children = (
				00869F142502A75300D2DB6F /* Amincapp.app */,
				00869F1C2502A75300D2DB6F /* Amincapp.app */,
				00869F242502A75300D2DB6F /* Tests iOS.xctest */,
				00869F2F2502A75300D2DB6F /* Tests macOS.xctest */,
			);
			name = Products;
			sourceTree = "<group>";
		};
		00869F162502A75300D2DB6F /* iOS */ = {
			isa = PBXGroup;
			children = (
				00869F172502A75300D2DB6F /* Info.plist */,
				0070E5EF2503045200BC0509 /* TabNavigationView.swift */,
			);
			path = iOS;
			sourceTree = "<group>";
		};
		00869F1D2502A75300D2DB6F /* macOS */ = {
			isa = PBXGroup;
			children = (
				00869F1E2502A75300D2DB6F /* Info.plist */,
				00869F1F2502A75300D2DB6F /* macOS.entitlements */,
			);
			path = macOS;
			sourceTree = "<group>";
		};
		00869F272502A75300D2DB6F /* Tests iOS */ = {
			isa = PBXGroup;
			children = (
				00869F282502A75300D2DB6F /* Tests_iOS.swift */,
				00869F2A2502A75300D2DB6F /* Info.plist */,
			);
			path = "Tests iOS";
			sourceTree = "<group>";
		};
		00869F322502A75300D2DB6F /* Tests macOS */ = {
			isa = PBXGroup;
			children = (
				00869F332502A75300D2DB6F /* Tests_macOS.swift */,
				00869F352502A75300D2DB6F /* Info.plist */,
			);
			path = "Tests macOS";
			sourceTree = "<group>";
		};
		00869F622502CACE00D2DB6F /* Networking */ = {
			isa = PBXGroup;
			children = (
				00869F632502CAE600D2DB6F /* ApolloNetwork.swift */,
			);
			path = Networking;
			sourceTree = "<group>";
		};
		008CDBF025169A8B00B948D4 /* Extensions */ = {
			isa = PBXGroup;
			children = (
				00CA19A3252FA04B00B1D2D8 /* Activity+Identifiable.swift */,
				006ED0E42517C9F6004992F7 /* Color+Hex.swift */,
				006ED0D72517A80B004992F7 /* String+Capitalize.swift */,
			);
			path = Extensions;
			sourceTree = "<group>";
		};
		00986BD4256878D40008D80C /* Environments */ = {
			isa = PBXGroup;
			children = (
				00836395256782CA002A16B4 /* AniList.swift */,
				00986BC9256878C90008D80C /* CurrentUser.swift */,
			);
			path = Environments;
			sourceTree = "<group>";
		};
		00BB687F251FE13B00B7DDC9 /* API */ = {
			isa = PBXGroup;
			children = (
				00BB6880251FE14A00B7DDC9 /* AniList */,
			);
			path = API;
			sourceTree = "<group>";
		};
		00BB6880251FE14A00B7DDC9 /* AniList */ = {
			isa = PBXGroup;
			children = (
				00276222256B2E410043A480 /* ActivityFeed.graphql.swift */,
				00276223256B2E410043A480 /* CurrentUser.graphql.swift */,
				0027621F256B2E400043A480 /* MarkdownParse.graphql.swift */,
				00276221256B2E410043A480 /* Types.graphql.swift */,
				00276220256B2E410043A480 /* User.graphql.swift */,
			);
			path = AniList;
			sourceTree = "<group>";
		};
		00C9B2F9251F9830000A8139 /* GraphQL */ = {
			isa = PBXGroup;
			children = (
				00BB687F251FE13B00B7DDC9 /* API */,
				00C9B2FA251F9847000A8139 /* AniList */,
			);
			path = GraphQL;
			sourceTree = "<group>";
		};
		00C9B2FA251F9847000A8139 /* AniList */ = {
			isa = PBXGroup;
			children = (
				00869F542502C0EE00D2DB6F /* schema.json */,
				00CA1971252F7B0300B1D2D8 /* ActivityFeed.graphql */,
				00C9B2FB251F996F000A8139 /* CurrentUser.graphql */,
				00406C6A25224966005FC266 /* Markdown.graphql */,
				00BB686A251FCBFC00B7DDC9 /* User.graphql */,
			);
			path = AniList;
			sourceTree = "<group>";
		};
		00CAB6EE251977CA00B8C64F /* Features */ = {
			isa = PBXGroup;
			children = (
				0057D5C82569712F0085D9EF /* Activity */,
				0037152F256BF39000F68734 /* Media */,
				0037153F256C140000F68734 /* User */,
			);
			path = Features;
			sourceTree = "<group>";
		};
/* End PBXGroup section */

/* Begin PBXNativeTarget section */
		00869F132502A75300D2DB6F /* Amincapp (iOS) */ = {
			isa = PBXNativeTarget;
			buildConfigurationList = 00869F3E2502A75300D2DB6F /* Build configuration list for PBXNativeTarget "Amincapp (iOS)" */;
			buildPhases = (
				00869F502502B85900D2DB6F /* Generate Apollo GraphQL API */,
				00869F102502A75300D2DB6F /* Sources */,
				00869F112502A75300D2DB6F /* Frameworks */,
				00869F122502A75300D2DB6F /* Resources */,
			);
			buildRules = (
			);
			dependencies = (
			);
			name = "Amincapp (iOS)";
			packageProductDependencies = (
				00869F4B2502B1D200D2DB6F /* SDWebImageSwiftUI */,
				00869F4E2502B2D600D2DB6F /* Apollo */,
			);
			productName = "Anime Catalog (iOS)";
			productReference = 00869F142502A75300D2DB6F /* Amincapp.app */;
			productType = "com.apple.product-type.application";
		};
		00869F1B2502A75300D2DB6F /* Amincapp (macOS) */ = {
			isa = PBXNativeTarget;
			buildConfigurationList = 00869F412502A75300D2DB6F /* Build configuration list for PBXNativeTarget "Amincapp (macOS)" */;
			buildPhases = (
				00869F182502A75300D2DB6F /* Sources */,
				00869F192502A75300D2DB6F /* Frameworks */,
				00869F1A2502A75300D2DB6F /* Resources */,
			);
			buildRules = (
			);
			dependencies = (
			);
			name = "Amincapp (macOS)";
			packageProductDependencies = (
				00453BBD25656A7C00C389B1 /* Apollo */,
				00453BC325656A9000C389B1 /* SDWebImageSwiftUI */,
			);
			productName = "Anime Catalog (macOS)";
			productReference = 00869F1C2502A75300D2DB6F /* Amincapp.app */;
			productType = "com.apple.product-type.application";
		};
		00869F232502A75300D2DB6F /* Tests iOS */ = {
			isa = PBXNativeTarget;
			buildConfigurationList = 00869F442502A75300D2DB6F /* Build configuration list for PBXNativeTarget "Tests iOS" */;
			buildPhases = (
				00869F202502A75300D2DB6F /* Sources */,
				00869F212502A75300D2DB6F /* Frameworks */,
				00869F222502A75300D2DB6F /* Resources */,
			);
			buildRules = (
			);
			dependencies = (
				00869F262502A75300D2DB6F /* PBXTargetDependency */,
			);
			name = "Tests iOS";
			productName = "Tests iOS";
			productReference = 00869F242502A75300D2DB6F /* Tests iOS.xctest */;
			productType = "com.apple.product-type.bundle.ui-testing";
		};
		00869F2E2502A75300D2DB6F /* Tests macOS */ = {
			isa = PBXNativeTarget;
			buildConfigurationList = 00869F472502A75300D2DB6F /* Build configuration list for PBXNativeTarget "Tests macOS" */;
			buildPhases = (
				00869F2B2502A75300D2DB6F /* Sources */,
				00869F2C2502A75300D2DB6F /* Frameworks */,
				00869F2D2502A75300D2DB6F /* Resources */,
			);
			buildRules = (
			);
			dependencies = (
				00869F312502A75300D2DB6F /* PBXTargetDependency */,
			);
			name = "Tests macOS";
			productName = "Tests macOS";
			productReference = 00869F2F2502A75300D2DB6F /* Tests macOS.xctest */;
			productType = "com.apple.product-type.bundle.ui-testing";
		};
/* End PBXNativeTarget section */

/* Begin PBXProject section */
		00869F082502A75100D2DB6F /* Project object */ = {
			isa = PBXProject;
			attributes = {
				LastSwiftUpdateCheck = 1200;
				LastUpgradeCheck = 1200;
				TargetAttributes = {
					00869F132502A75300D2DB6F = {
						CreatedOnToolsVersion = 12.0;
					};
					00869F1B2502A75300D2DB6F = {
						CreatedOnToolsVersion = 12.0;
					};
					00869F232502A75300D2DB6F = {
						CreatedOnToolsVersion = 12.0;
						TestTargetID = 00869F132502A75300D2DB6F;
					};
					00869F2E2502A75300D2DB6F = {
						CreatedOnToolsVersion = 12.0;
						TestTargetID = 00869F1B2502A75300D2DB6F;
					};
				};
			};
			buildConfigurationList = 00869F0B2502A75100D2DB6F /* Build configuration list for PBXProject "Amincapp" */;
			compatibilityVersion = "Xcode 9.3";
			developmentRegion = en;
			hasScannedForEncodings = 0;
			knownRegions = (
				en,
				Base,
			);
			mainGroup = 00869F072502A75100D2DB6F;
			packageReferences = (
				00869F4A2502B1D200D2DB6F /* XCRemoteSwiftPackageReference "SDWebImageSwiftUI" */,
				00869F4D2502B2D600D2DB6F /* XCRemoteSwiftPackageReference "apollo-ios" */,
			);
			productRefGroup = 00869F152502A75300D2DB6F /* Products */;
			projectDirPath = "";
			projectRoot = "";
			targets = (
				00869F132502A75300D2DB6F /* Amincapp (iOS) */,
				00869F1B2502A75300D2DB6F /* Amincapp (macOS) */,
				00869F232502A75300D2DB6F /* Tests iOS */,
				00869F2E2502A75300D2DB6F /* Tests macOS */,
			);
		};
/* End PBXProject section */

/* Begin PBXResourcesBuildPhase section */
		00869F122502A75300D2DB6F /* Resources */ = {
			isa = PBXResourcesBuildPhase;
			buildActionMask = 2147483647;
			files = (
				00869F3A2502A75300D2DB6F /* Assets.xcassets in Resources */,
			);
			runOnlyForDeploymentPostprocessing = 0;
		};
		00869F1A2502A75300D2DB6F /* Resources */ = {
			isa = PBXResourcesBuildPhase;
			buildActionMask = 2147483647;
			files = (
				00869F3B2502A75300D2DB6F /* Assets.xcassets in Resources */,
			);
			runOnlyForDeploymentPostprocessing = 0;
		};
		00869F222502A75300D2DB6F /* Resources */ = {
			isa = PBXResourcesBuildPhase;
			buildActionMask = 2147483647;
			files = (
			);
			runOnlyForDeploymentPostprocessing = 0;
		};
		00869F2D2502A75300D2DB6F /* Resources */ = {
			isa = PBXResourcesBuildPhase;
			buildActionMask = 2147483647;
			files = (
			);
			runOnlyForDeploymentPostprocessing = 0;
		};
/* End PBXResourcesBuildPhase section */

/* Begin PBXShellScriptBuildPhase section */
		00869F502502B85900D2DB6F /* Generate Apollo GraphQL API */ = {
			isa = PBXShellScriptBuildPhase;
			buildActionMask = 2147483647;
			files = (
			);
			inputFileListPaths = (
			);
			inputPaths = (
			);
			name = "Generate Apollo GraphQL API";
			outputFileListPaths = (
			);
			outputPaths = (
			);
			runOnlyForDeploymentPostprocessing = 0;
			shellPath = /bin/sh;
			shellScript = "# Go to the build root and search up the chain to find the Derived Data Path where the source packages are checked out.\nDERIVED_DATA_CANDIDATE=\"${BUILD_ROOT}\"\n\nwhile ! [ -d \"${DERIVED_DATA_CANDIDATE}/SourcePackages\" ]; do\n  if [ \"${DERIVED_DATA_CANDIDATE}\" = / ]; then\n    echo >&2 \"error: Unable to locate SourcePackages directory from BUILD_ROOT: '${BUILD_ROOT}'\"\n    exit 1\n  fi\n\n  DERIVED_DATA_CANDIDATE=\"$(dirname \"${DERIVED_DATA_CANDIDATE}\")\"\ndone\n\n# Grab a reference to the directory where scripts are checked out\nSCRIPT_PATH=\"${DERIVED_DATA_CANDIDATE}/SourcePackages/checkouts/apollo-ios/scripts\"\n\nif [ -z \"${SCRIPT_PATH}\" ]; then\n    echo >&2 \"error: Couldn't find the CLI script in your checked out SPM packages; make sure to add the framework to your project.\"\n    exit 1\nfi\n\ncd \"${SRCROOT}/${TARGET_NAME}\"\n\"${SCRIPT_PATH}\"/run-bundled-codegen.sh codegen:generate --target=swift --includes=./**/*.graphql --localSchemaFile=./Shared/GraphQL/AniList/schema.json ./Shared/GraphQL/API/AniList\n# \"${SCRIPT_PATH}\"/run-bundled-codegen.sh schema:download --endpoint=\"https://graphql.anilist.co\" ./Shared/GraphQL/AniList/schema.json\n";
		};
/* End PBXShellScriptBuildPhase section */

/* Begin PBXSourcesBuildPhase section */
		00869F102502A75300D2DB6F /* Sources */ = {
			isa = PBXSourcesBuildPhase;
			buildActionMask = 2147483647;
			files = (
				006ED0D82517A80B004992F7 /* String+Capitalize.swift in Sources */,
				00276224256B2E410043A480 /* MarkdownParse.graphql.swift in Sources */,
				0057D5E0256974030085D9EF /* ActivityTextActivityView.swift in Sources */,
				00276226256B2E410043A480 /* User.graphql.swift in Sources */,
				00276228256B2E410043A480 /* Types.graphql.swift in Sources */,
				006ED0E52517C9F6004992F7 /* Color+Hex.swift in Sources */,
				0057D5CA2569716F0085D9EF /* ActivityView.swift in Sources */,
				0027622A256B2E410043A480 /* ActivityFeed.graphql.swift in Sources */,
				00986BCA256878C90008D80C /* CurrentUser.swift in Sources */,
				0057D5D9256973F60085D9EF /* ActivityListActivityView.swift in Sources */,
				00869F642502CAE600D2DB6F /* ApolloNetwork.swift in Sources */,
				00371541256C141100F68734 /* UserView.swift in Sources */,
				0027622C256B2E410043A480 /* CurrentUser.graphql.swift in Sources */,
				00836396256782CA002A16B4 /* AniList.swift in Sources */,
				0057D5E72569740D0085D9EF /* ActivityMessageActivityView.swift in Sources */,
				00371531256BF39B00F68734 /* MediaView.swift in Sources */,
				0070E5F02503045200BC0509 /* TabNavigationView.swift in Sources */,
				00CA19A4252FA04B00B1D2D8 /* Activity+Identifiable.swift in Sources */,
				00869F382502A75300D2DB6F /* ContentView.swift in Sources */,
				0057D5D12569718F0085D9EF /* ActivityViewModel.swift in Sources */,
				00869F362502A75300D2DB6F /* Anime_CatalogApp.swift in Sources */,
				0073DB80251EEE48000C1FA1 /* SettingsKeys.swift in Sources */,
			);
			runOnlyForDeploymentPostprocessing = 0;
		};
		00869F182502A75300D2DB6F /* Sources */ = {
			isa = PBXSourcesBuildPhase;
			buildActionMask = 2147483647;
			files = (
				00869F652502CAE600D2DB6F /* ApolloNetwork.swift in Sources */,
				0057D5E82569740D0085D9EF /* ActivityMessageActivityView.swift in Sources */,
				00CA19A5252FA04B00B1D2D8 /* Activity+Identifiable.swift in Sources */,
				0057D5DA256973F60085D9EF /* ActivityListActivityView.swift in Sources */,
				006ED0E62517C9F6004992F7 /* Color+Hex.swift in Sources */,
				0057D5E1256974030085D9EF /* ActivityTextActivityView.swift in Sources */,
				0027622D256B2E410043A480 /* CurrentUser.graphql.swift in Sources */,
				0073DB81251EEE48000C1FA1 /* SettingsKeys.swift in Sources */,
				00869F392502A75300D2DB6F /* ContentView.swift in Sources */,
				0057D5CB2569716F0085D9EF /* ActivityView.swift in Sources */,
				00276227256B2E410043A480 /* User.graphql.swift in Sources */,
				00986BB62568482A0008D80C /* AniList.swift in Sources */,
				0027622B256B2E410043A480 /* ActivityFeed.graphql.swift in Sources */,
				00371542256C141100F68734 /* UserView.swift in Sources */,
				00371532256BF39B00F68734 /* MediaView.swift in Sources */,
				00276229256B2E410043A480 /* Types.graphql.swift in Sources */,
				00869F372502A75300D2DB6F /* Anime_CatalogApp.swift in Sources */,
				006ED0D92517A80B004992F7 /* String+Capitalize.swift in Sources */,
				0057D5D22569718F0085D9EF /* ActivityViewModel.swift in Sources */,
				00986BCB256878C90008D80C /* CurrentUser.swift in Sources */,
				00276225256B2E410043A480 /* MarkdownParse.graphql.swift in Sources */,
			);
			runOnlyForDeploymentPostprocessing = 0;
		};
		00869F202502A75300D2DB6F /* Sources */ = {
			isa = PBXSourcesBuildPhase;
			buildActionMask = 2147483647;
			files = (
				00869F292502A75300D2DB6F /* Tests_iOS.swift in Sources */,
			);
			runOnlyForDeploymentPostprocessing = 0;
		};
		00869F2B2502A75300D2DB6F /* Sources */ = {
			isa = PBXSourcesBuildPhase;
			buildActionMask = 2147483647;
			files = (
				00869F342502A75300D2DB6F /* Tests_macOS.swift in Sources */,
			);
			runOnlyForDeploymentPostprocessing = 0;
		};
/* End PBXSourcesBuildPhase section */

/* Begin PBXTargetDependency section */
		00869F262502A75300D2DB6F /* PBXTargetDependency */ = {
			isa = PBXTargetDependency;
			target = 00869F132502A75300D2DB6F /* Amincapp (iOS) */;
			targetProxy = 00869F252502A75300D2DB6F /* PBXContainerItemProxy */;
		};
		00869F312502A75300D2DB6F /* PBXTargetDependency */ = {
			isa = PBXTargetDependency;
			target = 00869F1B2502A75300D2DB6F /* Amincapp (macOS) */;
			targetProxy = 00869F302502A75300D2DB6F /* PBXContainerItemProxy */;
		};
/* End PBXTargetDependency section */

/* Begin XCBuildConfiguration section */
		00869F3C2502A75300D2DB6F /* Debug */ = {
			isa = XCBuildConfiguration;
			buildSettings = {
				ALWAYS_SEARCH_USER_PATHS = NO;
				CLANG_ANALYZER_NONNULL = YES;
				CLANG_ANALYZER_NUMBER_OBJECT_CONVERSION = YES_AGGRESSIVE;
				CLANG_CXX_LANGUAGE_STANDARD = "gnu++14";
				CLANG_CXX_LIBRARY = "libc++";
				CLANG_ENABLE_MODULES = YES;
				CLANG_ENABLE_OBJC_ARC = YES;
				CLANG_ENABLE_OBJC_WEAK = YES;
				CLANG_WARN_BLOCK_CAPTURE_AUTORELEASING = YES;
				CLANG_WARN_BOOL_CONVERSION = YES;
				CLANG_WARN_COMMA = YES;
				CLANG_WARN_CONSTANT_CONVERSION = YES;
				CLANG_WARN_DEPRECATED_OBJC_IMPLEMENTATIONS = YES;
				CLANG_WARN_DIRECT_OBJC_ISA_USAGE = YES_ERROR;
				CLANG_WARN_DOCUMENTATION_COMMENTS = YES;
				CLANG_WARN_EMPTY_BODY = YES;
				CLANG_WARN_ENUM_CONVERSION = YES;
				CLANG_WARN_INFINITE_RECURSION = YES;
				CLANG_WARN_INT_CONVERSION = YES;
				CLANG_WARN_NON_LITERAL_NULL_CONVERSION = YES;
				CLANG_WARN_OBJC_IMPLICIT_RETAIN_SELF = YES;
				CLANG_WARN_OBJC_LITERAL_CONVERSION = YES;
				CLANG_WARN_OBJC_ROOT_CLASS = YES_ERROR;
				CLANG_WARN_QUOTED_INCLUDE_IN_FRAMEWORK_HEADER = YES;
				CLANG_WARN_RANGE_LOOP_ANALYSIS = YES;
				CLANG_WARN_STRICT_PROTOTYPES = YES;
				CLANG_WARN_SUSPICIOUS_MOVE = YES;
				CLANG_WARN_UNGUARDED_AVAILABILITY = YES_AGGRESSIVE;
				CLANG_WARN_UNREACHABLE_CODE = YES;
				CLANG_WARN__DUPLICATE_METHOD_MATCH = YES;
				COPY_PHASE_STRIP = NO;
				DEBUG_INFORMATION_FORMAT = dwarf;
				ENABLE_STRICT_OBJC_MSGSEND = YES;
				ENABLE_TESTABILITY = YES;
				GCC_C_LANGUAGE_STANDARD = gnu11;
				GCC_DYNAMIC_NO_PIC = NO;
				GCC_NO_COMMON_BLOCKS = YES;
				GCC_OPTIMIZATION_LEVEL = 0;
				GCC_PREPROCESSOR_DEFINITIONS = (
					"DEBUG=1",
					"$(inherited)",
				);
				GCC_WARN_64_TO_32_BIT_CONVERSION = YES;
				GCC_WARN_ABOUT_RETURN_TYPE = YES_ERROR;
				GCC_WARN_UNDECLARED_SELECTOR = YES;
				GCC_WARN_UNINITIALIZED_AUTOS = YES_AGGRESSIVE;
				GCC_WARN_UNUSED_FUNCTION = YES;
				GCC_WARN_UNUSED_VARIABLE = YES;
				MTL_ENABLE_DEBUG_INFO = INCLUDE_SOURCE;
				MTL_FAST_MATH = YES;
				ONLY_ACTIVE_ARCH = YES;
				SWIFT_ACTIVE_COMPILATION_CONDITIONS = DEBUG;
				SWIFT_OPTIMIZATION_LEVEL = "-Onone";
			};
			name = Debug;
		};
		00869F3D2502A75300D2DB6F /* Release */ = {
			isa = XCBuildConfiguration;
			buildSettings = {
				ALWAYS_SEARCH_USER_PATHS = NO;
				CLANG_ANALYZER_NONNULL = YES;
				CLANG_ANALYZER_NUMBER_OBJECT_CONVERSION = YES_AGGRESSIVE;
				CLANG_CXX_LANGUAGE_STANDARD = "gnu++14";
				CLANG_CXX_LIBRARY = "libc++";
				CLANG_ENABLE_MODULES = YES;
				CLANG_ENABLE_OBJC_ARC = YES;
				CLANG_ENABLE_OBJC_WEAK = YES;
				CLANG_WARN_BLOCK_CAPTURE_AUTORELEASING = YES;
				CLANG_WARN_BOOL_CONVERSION = YES;
				CLANG_WARN_COMMA = YES;
				CLANG_WARN_CONSTANT_CONVERSION = YES;
				CLANG_WARN_DEPRECATED_OBJC_IMPLEMENTATIONS = YES;
				CLANG_WARN_DIRECT_OBJC_ISA_USAGE = YES_ERROR;
				CLANG_WARN_DOCUMENTATION_COMMENTS = YES;
				CLANG_WARN_EMPTY_BODY = YES;
				CLANG_WARN_ENUM_CONVERSION = YES;
				CLANG_WARN_INFINITE_RECURSION = YES;
				CLANG_WARN_INT_CONVERSION = YES;
				CLANG_WARN_NON_LITERAL_NULL_CONVERSION = YES;
				CLANG_WARN_OBJC_IMPLICIT_RETAIN_SELF = YES;
				CLANG_WARN_OBJC_LITERAL_CONVERSION = YES;
				CLANG_WARN_OBJC_ROOT_CLASS = YES_ERROR;
				CLANG_WARN_QUOTED_INCLUDE_IN_FRAMEWORK_HEADER = YES;
				CLANG_WARN_RANGE_LOOP_ANALYSIS = YES;
				CLANG_WARN_STRICT_PROTOTYPES = YES;
				CLANG_WARN_SUSPICIOUS_MOVE = YES;
				CLANG_WARN_UNGUARDED_AVAILABILITY = YES_AGGRESSIVE;
				CLANG_WARN_UNREACHABLE_CODE = YES;
				CLANG_WARN__DUPLICATE_METHOD_MATCH = YES;
				COPY_PHASE_STRIP = NO;
				DEBUG_INFORMATION_FORMAT = "dwarf-with-dsym";
				ENABLE_NS_ASSERTIONS = NO;
				ENABLE_STRICT_OBJC_MSGSEND = YES;
				GCC_C_LANGUAGE_STANDARD = gnu11;
				GCC_NO_COMMON_BLOCKS = YES;
				GCC_WARN_64_TO_32_BIT_CONVERSION = YES;
				GCC_WARN_ABOUT_RETURN_TYPE = YES_ERROR;
				GCC_WARN_UNDECLARED_SELECTOR = YES;
				GCC_WARN_UNINITIALIZED_AUTOS = YES_AGGRESSIVE;
				GCC_WARN_UNUSED_FUNCTION = YES;
				GCC_WARN_UNUSED_VARIABLE = YES;
				MTL_ENABLE_DEBUG_INFO = NO;
				MTL_FAST_MATH = YES;
				SWIFT_COMPILATION_MODE = wholemodule;
				SWIFT_OPTIMIZATION_LEVEL = "-O";
			};
			name = Release;
		};
		00869F3F2502A75300D2DB6F /* Debug */ = {
			isa = XCBuildConfiguration;
			buildSettings = {
				ASSETCATALOG_COMPILER_APPICON_NAME = AppIcon;
				ASSETCATALOG_COMPILER_GLOBAL_ACCENT_COLOR_NAME = AccentColor;
				CODE_SIGN_IDENTITY = "Apple Development";
				CODE_SIGN_STYLE = Automatic;
				CURRENT_PROJECT_VERSION = 1;
				DEVELOPMENT_TEAM = UYJ357XWK6;
				ENABLE_PREVIEWS = YES;
				INFOPLIST_FILE = iOS/Info.plist;
				IPHONEOS_DEPLOYMENT_TARGET = 14.0;
				LD_RUNPATH_SEARCH_PATHS = (
					"$(inherited)",
					"@executable_path/Frameworks",
				);
				MARKETING_VERSION = 0.1.0;
				PRODUCT_BUNDLE_IDENTIFIER = com.github.litelt.Amincapp;
				PRODUCT_NAME = Amincapp;
				PROVISIONING_PROFILE_SPECIFIER = "";
				SDKROOT = iphoneos;
				SWIFT_VERSION = 5.0;
				TARGETED_DEVICE_FAMILY = "1,2";
			};
			name = Debug;
		};
		00869F402502A75300D2DB6F /* Release */ = {
			isa = XCBuildConfiguration;
			buildSettings = {
				ASSETCATALOG_COMPILER_APPICON_NAME = AppIcon;
				ASSETCATALOG_COMPILER_GLOBAL_ACCENT_COLOR_NAME = AccentColor;
				CODE_SIGN_IDENTITY = "Apple Development";
				CODE_SIGN_STYLE = Automatic;
				CURRENT_PROJECT_VERSION = 1;
				DEVELOPMENT_TEAM = UYJ357XWK6;
				ENABLE_PREVIEWS = YES;
				INFOPLIST_FILE = iOS/Info.plist;
				IPHONEOS_DEPLOYMENT_TARGET = 14.0;
				LD_RUNPATH_SEARCH_PATHS = (
					"$(inherited)",
					"@executable_path/Frameworks",
				);
				MARKETING_VERSION = 0.1.0;
				PRODUCT_BUNDLE_IDENTIFIER = com.github.litelt.Amincapp;
				PRODUCT_NAME = Amincapp;
				PROVISIONING_PROFILE_SPECIFIER = "";
				SDKROOT = iphoneos;
				SWIFT_VERSION = 5.0;
				TARGETED_DEVICE_FAMILY = "1,2";
				VALIDATE_PRODUCT = YES;
			};
			name = Release;
		};
		00869F422502A75300D2DB6F /* Debug */ = {
			isa = XCBuildConfiguration;
			buildSettings = {
				ASSETCATALOG_COMPILER_APPICON_NAME = AppIcon;
				ASSETCATALOG_COMPILER_GLOBAL_ACCENT_COLOR_NAME = AccentColor;
				CODE_SIGN_ENTITLEMENTS = macOS/macOS.entitlements;
				CODE_SIGN_STYLE = Automatic;
				COMBINE_HIDPI_IMAGES = YES;
				DEVELOPMENT_TEAM = UYJ357XWK6;
				ENABLE_HARDENED_RUNTIME = YES;
				ENABLE_PREVIEWS = YES;
				INFOPLIST_FILE = macOS/Info.plist;
				LD_RUNPATH_SEARCH_PATHS = (
					"$(inherited)",
					"@executable_path/../Frameworks",
				);
				MACOSX_DEPLOYMENT_TARGET = 11.0;
				MARKETING_VERSION = 0.1.0;
				PRODUCT_BUNDLE_IDENTIFIER = com.github.litelt.Amincapp;
				PRODUCT_NAME = Amincapp;
				SDKROOT = macosx;
				SWIFT_VERSION = 5.0;
			};
			name = Debug;
		};
		00869F432502A75300D2DB6F /* Release */ = {
			isa = XCBuildConfiguration;
			buildSettings = {
				ASSETCATALOG_COMPILER_APPICON_NAME = AppIcon;
				ASSETCATALOG_COMPILER_GLOBAL_ACCENT_COLOR_NAME = AccentColor;
				CODE_SIGN_ENTITLEMENTS = macOS/macOS.entitlements;
				CODE_SIGN_STYLE = Automatic;
				COMBINE_HIDPI_IMAGES = YES;
				DEVELOPMENT_TEAM = UYJ357XWK6;
				ENABLE_HARDENED_RUNTIME = YES;
				ENABLE_PREVIEWS = YES;
				INFOPLIST_FILE = macOS/Info.plist;
				LD_RUNPATH_SEARCH_PATHS = (
					"$(inherited)",
					"@executable_path/../Frameworks",
				);
				MACOSX_DEPLOYMENT_TARGET = 11.0;
				MARKETING_VERSION = 0.1.0;
				PRODUCT_BUNDLE_IDENTIFIER = com.github.litelt.Amincapp;
				PRODUCT_NAME = Amincapp;
				SDKROOT = macosx;
				SWIFT_VERSION = 5.0;
			};
			name = Release;
		};
		00869F452502A75300D2DB6F /* Debug */ = {
			isa = XCBuildConfiguration;
			buildSettings = {
				ALWAYS_EMBED_SWIFT_STANDARD_LIBRARIES = YES;
				CODE_SIGN_STYLE = Automatic;
				DEVELOPMENT_TEAM = UYJ357XWK6;
				INFOPLIST_FILE = "Tests iOS/Info.plist";
				IPHONEOS_DEPLOYMENT_TARGET = 14.0;
				LD_RUNPATH_SEARCH_PATHS = (
					"$(inherited)",
					"@executable_path/Frameworks",
					"@loader_path/Frameworks",
				);
				PRODUCT_BUNDLE_IDENTIFIER = "com.example.lite.Tests-iOS";
				PRODUCT_NAME = "$(TARGET_NAME)";
				SDKROOT = iphoneos;
				SWIFT_VERSION = 5.0;
				TARGETED_DEVICE_FAMILY = "1,2";
				TEST_TARGET_NAME = "Amincapp (iOS)";
			};
			name = Debug;
		};
		00869F462502A75300D2DB6F /* Release */ = {
			isa = XCBuildConfiguration;
			buildSettings = {
				ALWAYS_EMBED_SWIFT_STANDARD_LIBRARIES = YES;
				CODE_SIGN_STYLE = Automatic;
				DEVELOPMENT_TEAM = UYJ357XWK6;
				INFOPLIST_FILE = "Tests iOS/Info.plist";
				IPHONEOS_DEPLOYMENT_TARGET = 14.0;
				LD_RUNPATH_SEARCH_PATHS = (
					"$(inherited)",
					"@executable_path/Frameworks",
					"@loader_path/Frameworks",
				);
				PRODUCT_BUNDLE_IDENTIFIER = "com.example.lite.Tests-iOS";
				PRODUCT_NAME = "$(TARGET_NAME)";
				SDKROOT = iphoneos;
				SWIFT_VERSION = 5.0;
				TARGETED_DEVICE_FAMILY = "1,2";
				TEST_TARGET_NAME = "Amincapp (iOS)";
				VALIDATE_PRODUCT = YES;
			};
			name = Release;
		};
		00869F482502A75300D2DB6F /* Debug */ = {
			isa = XCBuildConfiguration;
			buildSettings = {
				ALWAYS_EMBED_SWIFT_STANDARD_LIBRARIES = YES;
				CODE_SIGN_STYLE = Automatic;
				COMBINE_HIDPI_IMAGES = YES;
				DEVELOPMENT_TEAM = UYJ357XWK6;
				INFOPLIST_FILE = "Tests macOS/Info.plist";
				LD_RUNPATH_SEARCH_PATHS = (
					"$(inherited)",
					"@executable_path/../Frameworks",
					"@loader_path/../Frameworks",
				);
				MACOSX_DEPLOYMENT_TARGET = 11.0;
				PRODUCT_BUNDLE_IDENTIFIER = "com.example.lite.Tests-macOS";
				PRODUCT_NAME = "$(TARGET_NAME)";
				SDKROOT = macosx;
				SWIFT_VERSION = 5.0;
				TEST_TARGET_NAME = "Amincapp (macOS)";
			};
			name = Debug;
		};
		00869F492502A75300D2DB6F /* Release */ = {
			isa = XCBuildConfiguration;
			buildSettings = {
				ALWAYS_EMBED_SWIFT_STANDARD_LIBRARIES = YES;
				CODE_SIGN_STYLE = Automatic;
				COMBINE_HIDPI_IMAGES = YES;
				DEVELOPMENT_TEAM = UYJ357XWK6;
				INFOPLIST_FILE = "Tests macOS/Info.plist";
				LD_RUNPATH_SEARCH_PATHS = (
					"$(inherited)",
					"@executable_path/../Frameworks",
					"@loader_path/../Frameworks",
				);
				MACOSX_DEPLOYMENT_TARGET = 11.0;
				PRODUCT_BUNDLE_IDENTIFIER = "com.example.lite.Tests-macOS";
				PRODUCT_NAME = "$(TARGET_NAME)";
				SDKROOT = macosx;
				SWIFT_VERSION = 5.0;
				TEST_TARGET_NAME = "Amincapp (macOS)";
			};
			name = Release;
		};
/* End XCBuildConfiguration section */

/* Begin XCConfigurationList section */
		00869F0B2502A75100D2DB6F /* Build configuration list for PBXProject "Amincapp" */ = {
			isa = XCConfigurationList;
			buildConfigurations = (
				00869F3C2502A75300D2DB6F /* Debug */,
				00869F3D2502A75300D2DB6F /* Release */,
			);
			defaultConfigurationIsVisible = 0;
			defaultConfigurationName = Release;
		};
		00869F3E2502A75300D2DB6F /* Build configuration list for PBXNativeTarget "Amincapp (iOS)" */ = {
			isa = XCConfigurationList;
			buildConfigurations = (
				00869F3F2502A75300D2DB6F /* Debug */,
				00869F402502A75300D2DB6F /* Release */,
			);
			defaultConfigurationIsVisible = 0;
			defaultConfigurationName = Release;
		};
		00869F412502A75300D2DB6F /* Build configuration list for PBXNativeTarget "Amincapp (macOS)" */ = {
			isa = XCConfigurationList;
			buildConfigurations = (
				00869F422502A75300D2DB6F /* Debug */,
				00869F432502A75300D2DB6F /* Release */,
			);
			defaultConfigurationIsVisible = 0;
			defaultConfigurationName = Release;
		};
		00869F442502A75300D2DB6F /* Build configuration list for PBXNativeTarget "Tests iOS" */ = {
			isa = XCConfigurationList;
			buildConfigurations = (
				00869F452502A75300D2DB6F /* Debug */,
				00869F462502A75300D2DB6F /* Release */,
			);
			defaultConfigurationIsVisible = 0;
			defaultConfigurationName = Release;
		};
		00869F472502A75300D2DB6F /* Build configuration list for PBXNativeTarget "Tests macOS" */ = {
			isa = XCConfigurationList;
			buildConfigurations = (
				00869F482502A75300D2DB6F /* Debug */,
				00869F492502A75300D2DB6F /* Release */,
			);
			defaultConfigurationIsVisible = 0;
			defaultConfigurationName = Release;
		};
/* End XCConfigurationList section */

/* Begin XCRemoteSwiftPackageReference section */
		00869F4A2502B1D200D2DB6F /* XCRemoteSwiftPackageReference "SDWebImageSwiftUI" */ = {
			isa = XCRemoteSwiftPackageReference;
			repositoryURL = "https://github.com/SDWebImage/SDWebImageSwiftUI.git";
			requirement = {
				kind = upToNextMinorVersion;
				minimumVersion = 1.5.0;
			};
		};
		00869F4D2502B2D600D2DB6F /* XCRemoteSwiftPackageReference "apollo-ios" */ = {
			isa = XCRemoteSwiftPackageReference;
			repositoryURL = "https://github.com/apollographql/apollo-ios.git";
			requirement = {
				kind = upToNextMinorVersion;
				minimumVersion = 0.32.0;
			};
		};
/* End XCRemoteSwiftPackageReference section */

/* Begin XCSwiftPackageProductDependency section */
		00453BBD25656A7C00C389B1 /* Apollo */ = {
			isa = XCSwiftPackageProductDependency;
			package = 00869F4D2502B2D600D2DB6F /* XCRemoteSwiftPackageReference "apollo-ios" */;
			productName = Apollo;
		};
		00453BC325656A9000C389B1 /* SDWebImageSwiftUI */ = {
			isa = XCSwiftPackageProductDependency;
			package = 00869F4A2502B1D200D2DB6F /* XCRemoteSwiftPackageReference "SDWebImageSwiftUI" */;
			productName = SDWebImageSwiftUI;
		};
		00869F4B2502B1D200D2DB6F /* SDWebImageSwiftUI */ = {
			isa = XCSwiftPackageProductDependency;
			package = 00869F4A2502B1D200D2DB6F /* XCRemoteSwiftPackageReference "SDWebImageSwiftUI" */;
			productName = SDWebImageSwiftUI;
		};
		00869F4E2502B2D600D2DB6F /* Apollo */ = {
			isa = XCSwiftPackageProductDependency;
			package = 00869F4D2502B2D600D2DB6F /* XCRemoteSwiftPackageReference "apollo-ios" */;
			productName = Apollo;
		};
/* End XCSwiftPackageProductDependency section */
	};
	rootObject = 00869F082502A75100D2DB6F /* Project object */;
}
