// !$*UTF8*$!
{
	archiveVersion = 1;
	classes = {
	};
	objectVersion = 52;
	objects = {

/* Begin PBXBuildFile section */
		00152BAA257C15400080C352 /* ActivityFeedViewModel.swift in Sources */ = {isa = PBXBuildFile; fileRef = 00152BA9257C15400080C352 /* ActivityFeedViewModel.swift */; };
		002D814B2583090E00866A31 /* MediaEditorView.swift in Sources */ = {isa = PBXBuildFile; fileRef = 002D814A2583090E00866A31 /* MediaEditorView.swift */; };
		002D814C2583090E00866A31 /* MediaEditorView.swift in Sources */ = {isa = PBXBuildFile; fileRef = 002D814A2583090E00866A31 /* MediaEditorView.swift */; };
		00371531256BF39B00F68734 /* MediaView.swift in Sources */ = {isa = PBXBuildFile; fileRef = 00371530256BF39B00F68734 /* MediaView.swift */; };
		00371541256C141100F68734 /* UserView.swift in Sources */ = {isa = PBXBuildFile; fileRef = 00371540256C141100F68734 /* UserView.swift */; };
		006ED0E52517C9F6004992F7 /* Color+Hex.swift in Sources */ = {isa = PBXBuildFile; fileRef = 006ED0E42517C9F6004992F7 /* Color+Hex.swift */; };
		0070E5F02503045200BC0509 /* TabNavigationView.swift in Sources */ = {isa = PBXBuildFile; fileRef = 0070E5EF2503045200BC0509 /* TabNavigationView.swift */; };
		0071E89F258337D600173A16 /* MediaEditorViewModel.swift in Sources */ = {isa = PBXBuildFile; fileRef = 0071E89E258337D600173A16 /* MediaEditorViewModel.swift */; };
		0071E8A0258337D600173A16 /* MediaEditorViewModel.swift in Sources */ = {isa = PBXBuildFile; fileRef = 0071E89E258337D600173A16 /* MediaEditorViewModel.swift */; };
		0073DB80251EEE48000C1FA1 /* SettingsKeys.swift in Sources */ = {isa = PBXBuildFile; fileRef = 0073DB7F251EEE48000C1FA1 /* SettingsKeys.swift */; };
		007A20952570B05A00FB0713 /* Logging in Frameworks */ = {isa = PBXBuildFile; productRef = 007A20942570B05A00FB0713 /* Logging */; };
		00836396256782CA002A16B4 /* AniList.swift in Sources */ = {isa = PBXBuildFile; fileRef = 00836395256782CA002A16B4 /* AniList.swift */; };
		00869F362502A75300D2DB6F /* AmincappApp.swift in Sources */ = {isa = PBXBuildFile; fileRef = 00869F0D2502A75100D2DB6F /* AmincappApp.swift */; };
		00869F382502A75300D2DB6F /* ContentView.swift in Sources */ = {isa = PBXBuildFile; fileRef = 00869F0E2502A75100D2DB6F /* ContentView.swift */; };
		00869F3A2502A75300D2DB6F /* Assets.xcassets in Resources */ = {isa = PBXBuildFile; fileRef = 00869F0F2502A75300D2DB6F /* Assets.xcassets */; };
		00869F4C2502B1D200D2DB6F /* SDWebImageSwiftUI in Frameworks */ = {isa = PBXBuildFile; productRef = 00869F4B2502B1D200D2DB6F /* SDWebImageSwiftUI */; };
		00869F4F2502B2D600D2DB6F /* Apollo in Frameworks */ = {isa = PBXBuildFile; productRef = 00869F4E2502B2D600D2DB6F /* Apollo */; };
		00869F642502CAE600D2DB6F /* GraphQLNetwork.swift in Sources */ = {isa = PBXBuildFile; fileRef = 00869F632502CAE600D2DB6F /* GraphQLNetwork.swift */; };
		00986BCA256878C90008D80C /* CurrentUser.swift in Sources */ = {isa = PBXBuildFile; fileRef = 00986BC9256878C90008D80C /* CurrentUser.swift */; };
		00C1088A257341B600E3DCBA /* RichView.swift in Sources */ = {isa = PBXBuildFile; fileRef = 00C10889257341B600E3DCBA /* RichView.swift */; };
		00C108922573426000E3DCBA /* SwiftSoup in Frameworks */ = {isa = PBXBuildFile; productRef = 00C108912573426000E3DCBA /* SwiftSoup */; };
		00C8C3942587E7E200443135 /* MediaEditorFormOverviewView.swift in Sources */ = {isa = PBXBuildFile; fileRef = 00C8C3932587E7E200443135 /* MediaEditorFormOverviewView.swift */; };
		00C8C3952587E7E200443135 /* MediaEditorFormOverviewView.swift in Sources */ = {isa = PBXBuildFile; fileRef = 00C8C3932587E7E200443135 /* MediaEditorFormOverviewView.swift */; };
		00C8C39B2587E92000443135 /* MediaEditorFormProgressView.swift in Sources */ = {isa = PBXBuildFile; fileRef = 00C8C39A2587E92000443135 /* MediaEditorFormProgressView.swift */; };
		00C8C39C2587E92000443135 /* MediaEditorFormProgressView.swift in Sources */ = {isa = PBXBuildFile; fileRef = 00C8C39A2587E92000443135 /* MediaEditorFormProgressView.swift */; };
		00C8C3A02587EB8700443135 /* MediaEditorFormAdvancedScoresView.swift in Sources */ = {isa = PBXBuildFile; fileRef = 00C8C39F2587EB8700443135 /* MediaEditorFormAdvancedScoresView.swift */; };
		00C8C3A12587EB8700443135 /* MediaEditorFormAdvancedScoresView.swift in Sources */ = {isa = PBXBuildFile; fileRef = 00C8C39F2587EB8700443135 /* MediaEditorFormAdvancedScoresView.swift */; };
		00C8C3A52587ED3000443135 /* MediaEditorFormCustomListView.swift in Sources */ = {isa = PBXBuildFile; fileRef = 00C8C3A42587ED3000443135 /* MediaEditorFormCustomListView.swift */; };
		00C8C3A62587ED3000443135 /* MediaEditorFormCustomListView.swift in Sources */ = {isa = PBXBuildFile; fileRef = 00C8C3A42587ED3000443135 /* MediaEditorFormCustomListView.swift */; };
		00CA19A4252FA04B00B1D2D8 /* Activity+Identifiable.swift in Sources */ = {isa = PBXBuildFile; fileRef = 00CA19A3252FA04B00B1D2D8 /* Activity+Identifiable.swift */; };
		00E365662581B5A7007DAF08 /* CurrentUserViewModifier.swift in Sources */ = {isa = PBXBuildFile; fileRef = 00E365652581B5A7007DAF08 /* CurrentUserViewModifier.swift */; };
		00E3656E2581D687007DAF08 /* ActivityTextKindView.swift in Sources */ = {isa = PBXBuildFile; fileRef = 00E3656D2581D687007DAF08 /* ActivityTextKindView.swift */; };
		00F18BFD257C713900AB0183 /* ActivityFeedView.swift in Sources */ = {isa = PBXBuildFile; fileRef = 00152BA4257C13CF0080C352 /* ActivityFeedView.swift */; };
		00F18C03257D728300AB0183 /* ActivityListKindView.swift in Sources */ = {isa = PBXBuildFile; fileRef = 00F18C02257D728300AB0183 /* ActivityListKindView.swift */; };
		00FA0C30258452BA00A08117 /* Like.graphql.swift in Sources */ = {isa = PBXBuildFile; fileRef = 00FA0C27258452BA00A08117 /* Like.graphql.swift */; };
		00FA0C31258452BA00A08117 /* Like.graphql.swift in Sources */ = {isa = PBXBuildFile; fileRef = 00FA0C27258452BA00A08117 /* Like.graphql.swift */; };
		00FA0C32258452BA00A08117 /* ActivityFeed.graphql.swift in Sources */ = {isa = PBXBuildFile; fileRef = 00FA0C28258452BA00A08117 /* ActivityFeed.graphql.swift */; };
		00FA0C33258452BA00A08117 /* ActivityFeed.graphql.swift in Sources */ = {isa = PBXBuildFile; fileRef = 00FA0C28258452BA00A08117 /* ActivityFeed.graphql.swift */; };
		00FA0C34258452BA00A08117 /* ActivitySubscription.graphql.swift in Sources */ = {isa = PBXBuildFile; fileRef = 00FA0C29258452BA00A08117 /* ActivitySubscription.graphql.swift */; };
		00FA0C35258452BA00A08117 /* ActivitySubscription.graphql.swift in Sources */ = {isa = PBXBuildFile; fileRef = 00FA0C29258452BA00A08117 /* ActivitySubscription.graphql.swift */; };
		00FA0C36258452BA00A08117 /* Media.graphql.swift in Sources */ = {isa = PBXBuildFile; fileRef = 00FA0C2A258452BA00A08117 /* Media.graphql.swift */; };
		00FA0C37258452BA00A08117 /* Media.graphql.swift in Sources */ = {isa = PBXBuildFile; fileRef = 00FA0C2A258452BA00A08117 /* Media.graphql.swift */; };
		00FA0C38258452BA00A08117 /* MediaEditor.graphql.swift in Sources */ = {isa = PBXBuildFile; fileRef = 00FA0C2B258452BA00A08117 /* MediaEditor.graphql.swift */; };
		00FA0C39258452BA00A08117 /* MediaEditor.graphql.swift in Sources */ = {isa = PBXBuildFile; fileRef = 00FA0C2B258452BA00A08117 /* MediaEditor.graphql.swift */; };
		00FA0C3A258452BA00A08117 /* CurrentUser.graphql.swift in Sources */ = {isa = PBXBuildFile; fileRef = 00FA0C2C258452BA00A08117 /* CurrentUser.graphql.swift */; };
		00FA0C3B258452BA00A08117 /* CurrentUser.graphql.swift in Sources */ = {isa = PBXBuildFile; fileRef = 00FA0C2C258452BA00A08117 /* CurrentUser.graphql.swift */; };
		00FA0C3C258452BA00A08117 /* Types.graphql.swift in Sources */ = {isa = PBXBuildFile; fileRef = 00FA0C2D258452BA00A08117 /* Types.graphql.swift */; };
		00FA0C3D258452BA00A08117 /* Types.graphql.swift in Sources */ = {isa = PBXBuildFile; fileRef = 00FA0C2D258452BA00A08117 /* Types.graphql.swift */; };
		00FA0C3E258452BA00A08117 /* Markdown.graphql.swift in Sources */ = {isa = PBXBuildFile; fileRef = 00FA0C2E258452BA00A08117 /* Markdown.graphql.swift */; };
		00FA0C3F258452BA00A08117 /* Markdown.graphql.swift in Sources */ = {isa = PBXBuildFile; fileRef = 00FA0C2E258452BA00A08117 /* Markdown.graphql.swift */; };
		00FA0C40258452BA00A08117 /* ActivityUnion.graphql.swift in Sources */ = {isa = PBXBuildFile; fileRef = 00FA0C2F258452BA00A08117 /* ActivityUnion.graphql.swift */; };
		00FA0C41258452BA00A08117 /* ActivityUnion.graphql.swift in Sources */ = {isa = PBXBuildFile; fileRef = 00FA0C2F258452BA00A08117 /* ActivityUnion.graphql.swift */; };
		00FA0C4725845B3A00A08117 /* GraphQLCustomScalars.swift in Sources */ = {isa = PBXBuildFile; fileRef = 00FA0C4625845B3A00A08117 /* GraphQLCustomScalars.swift */; };
		00FA0C4825845B3A00A08117 /* GraphQLCustomScalars.swift in Sources */ = {isa = PBXBuildFile; fileRef = 00FA0C4625845B3A00A08117 /* GraphQLCustomScalars.swift */; };
		00FA0C502584F4D200A08117 /* String+Capitalize.swift in Sources */ = {isa = PBXBuildFile; fileRef = 00FA0C4F2584F4D200A08117 /* String+Capitalize.swift */; };
		00FA0C512584F4D200A08117 /* String+Capitalize.swift in Sources */ = {isa = PBXBuildFile; fileRef = 00FA0C4F2584F4D200A08117 /* String+Capitalize.swift */; };
/* End PBXBuildFile section */

/* Begin PBXFileReference section */
		00152BA4257C13CF0080C352 /* ActivityFeedView.swift */ = {isa = PBXFileReference; lastKnownFileType = sourcecode.swift; path = ActivityFeedView.swift; sourceTree = "<group>"; };
		00152BA9257C15400080C352 /* ActivityFeedViewModel.swift */ = {isa = PBXFileReference; lastKnownFileType = sourcecode.swift; path = ActivityFeedViewModel.swift; sourceTree = "<group>"; };
		002D810B2582BF1A00866A31 /* Amincapp (macOS).app */ = {isa = PBXFileReference; explicitFileType = wrapper.application; includeInIndex = 0; path = "Amincapp (macOS).app"; sourceTree = BUILT_PRODUCTS_DIR; };
		002D81162582BF1F00866A31 /* Info.plist */ = {isa = PBXFileReference; lastKnownFileType = text.plist.xml; path = Info.plist; sourceTree = "<group>"; };
		002D81172582BF1F00866A31 /* macOS.entitlements */ = {isa = PBXFileReference; lastKnownFileType = text.plist.entitlements; path = macOS.entitlements; sourceTree = "<group>"; };
		002D812B2582F40B00866A31 /* ActivitySubscription.graphql */ = {isa = PBXFileReference; lastKnownFileType = text; path = ActivitySubscription.graphql; sourceTree = "<group>"; };
		002D814A2583090E00866A31 /* MediaEditorView.swift */ = {isa = PBXFileReference; lastKnownFileType = sourcecode.swift; path = MediaEditorView.swift; sourceTree = "<group>"; };
		002D81512583212500866A31 /* Media.graphql */ = {isa = PBXFileReference; lastKnownFileType = text; path = Media.graphql; sourceTree = "<group>"; };
		00371530256BF39B00F68734 /* MediaView.swift */ = {isa = PBXFileReference; lastKnownFileType = sourcecode.swift; path = MediaView.swift; sourceTree = "<group>"; };
		00371540256C141100F68734 /* UserView.swift */ = {isa = PBXFileReference; lastKnownFileType = sourcecode.swift; path = UserView.swift; sourceTree = "<group>"; };
		006ED0E42517C9F6004992F7 /* Color+Hex.swift */ = {isa = PBXFileReference; lastKnownFileType = sourcecode.swift; path = "Color+Hex.swift"; sourceTree = "<group>"; };
		0070E5EF2503045200BC0509 /* TabNavigationView.swift */ = {isa = PBXFileReference; lastKnownFileType = sourcecode.swift; path = TabNavigationView.swift; sourceTree = "<group>"; };
		0071E89E258337D600173A16 /* MediaEditorViewModel.swift */ = {isa = PBXFileReference; lastKnownFileType = sourcecode.swift; path = MediaEditorViewModel.swift; sourceTree = "<group>"; };
		0071E8C32583A7D900173A16 /* MediaEditor.graphql */ = {isa = PBXFileReference; lastKnownFileType = text; path = MediaEditor.graphql; sourceTree = "<group>"; };
		0073DB7F251EEE48000C1FA1 /* SettingsKeys.swift */ = {isa = PBXFileReference; lastKnownFileType = sourcecode.swift; path = SettingsKeys.swift; sourceTree = "<group>"; };
		00836395256782CA002A16B4 /* AniList.swift */ = {isa = PBXFileReference; lastKnownFileType = sourcecode.swift; path = AniList.swift; sourceTree = "<group>"; };
		00869F0D2502A75100D2DB6F /* AmincappApp.swift */ = {isa = PBXFileReference; lastKnownFileType = sourcecode.swift; path = AmincappApp.swift; sourceTree = "<group>"; };
		00869F0E2502A75100D2DB6F /* ContentView.swift */ = {isa = PBXFileReference; lastKnownFileType = sourcecode.swift; path = ContentView.swift; sourceTree = "<group>"; };
		00869F0F2502A75300D2DB6F /* Assets.xcassets */ = {isa = PBXFileReference; lastKnownFileType = folder.assetcatalog; path = Assets.xcassets; sourceTree = "<group>"; };
		00869F142502A75300D2DB6F /* Amincapp.app */ = {isa = PBXFileReference; explicitFileType = wrapper.application; includeInIndex = 0; path = Amincapp.app; sourceTree = BUILT_PRODUCTS_DIR; };
		00869F172502A75300D2DB6F /* Info.plist */ = {isa = PBXFileReference; lastKnownFileType = text.plist.xml; path = Info.plist; sourceTree = "<group>"; };
		00869F542502C0EE00D2DB6F /* schema.json */ = {isa = PBXFileReference; fileEncoding = 4; lastKnownFileType = text.json; path = schema.json; sourceTree = "<group>"; };
		00869F632502CAE600D2DB6F /* GraphQLNetwork.swift */ = {isa = PBXFileReference; lastKnownFileType = sourcecode.swift; path = GraphQLNetwork.swift; sourceTree = "<group>"; };
		00869F662502D68C00D2DB6F /* LICENSE */ = {isa = PBXFileReference; lastKnownFileType = text; path = LICENSE; sourceTree = "<group>"; };
		00869F672502D79300D2DB6F /* .gitignore */ = {isa = PBXFileReference; lastKnownFileType = text; path = .gitignore; sourceTree = "<group>"; };
		00869F682502D7E500D2DB6F /* README.md */ = {isa = PBXFileReference; lastKnownFileType = net.daringfireball.markdown; path = README.md; sourceTree = "<group>"; };
		00986BC9256878C90008D80C /* CurrentUser.swift */ = {isa = PBXFileReference; fileEncoding = 4; lastKnownFileType = sourcecode.swift; path = CurrentUser.swift; sourceTree = "<group>"; };
		00C10889257341B600E3DCBA /* RichView.swift */ = {isa = PBXFileReference; lastKnownFileType = sourcecode.swift; path = RichView.swift; sourceTree = "<group>"; };
		00C108972573619D00E3DCBA /* Markdown.graphql */ = {isa = PBXFileReference; lastKnownFileType = text; path = Markdown.graphql; sourceTree = "<group>"; };
		00C8C3932587E7E200443135 /* MediaEditorFormOverviewView.swift */ = {isa = PBXFileReference; lastKnownFileType = sourcecode.swift; path = MediaEditorFormOverviewView.swift; sourceTree = "<group>"; };
		00C8C39A2587E92000443135 /* MediaEditorFormProgressView.swift */ = {isa = PBXFileReference; lastKnownFileType = sourcecode.swift; path = MediaEditorFormProgressView.swift; sourceTree = "<group>"; };
		00C8C39F2587EB8700443135 /* MediaEditorFormAdvancedScoresView.swift */ = {isa = PBXFileReference; lastKnownFileType = sourcecode.swift; path = MediaEditorFormAdvancedScoresView.swift; sourceTree = "<group>"; };
		00C8C3A42587ED3000443135 /* MediaEditorFormCustomListView.swift */ = {isa = PBXFileReference; lastKnownFileType = sourcecode.swift; path = MediaEditorFormCustomListView.swift; sourceTree = "<group>"; };
		00C9B2FB251F996F000A8139 /* CurrentUser.graphql */ = {isa = PBXFileReference; lastKnownFileType = text; path = CurrentUser.graphql; sourceTree = "<group>"; };
		00CA1971252F7B0300B1D2D8 /* ActivityFeed.graphql */ = {isa = PBXFileReference; lastKnownFileType = text; path = ActivityFeed.graphql; sourceTree = "<group>"; };
		00CA19A3252FA04B00B1D2D8 /* Activity+Identifiable.swift */ = {isa = PBXFileReference; lastKnownFileType = sourcecode.swift; path = "Activity+Identifiable.swift"; sourceTree = "<group>"; };
		00E365652581B5A7007DAF08 /* CurrentUserViewModifier.swift */ = {isa = PBXFileReference; lastKnownFileType = sourcecode.swift; path = CurrentUserViewModifier.swift; sourceTree = "<group>"; };
		00E3656D2581D687007DAF08 /* ActivityTextKindView.swift */ = {isa = PBXFileReference; lastKnownFileType = sourcecode.swift; path = ActivityTextKindView.swift; sourceTree = "<group>"; };
		00F18C02257D728300AB0183 /* ActivityListKindView.swift */ = {isa = PBXFileReference; lastKnownFileType = sourcecode.swift; path = ActivityListKindView.swift; sourceTree = "<group>"; };
		00F3864D257E9B11000DBDA0 /* Like.graphql */ = {isa = PBXFileReference; lastKnownFileType = text; path = Like.graphql; sourceTree = "<group>"; };
		00F3865E257EA06F000DBDA0 /* ActivityUnion.graphql */ = {isa = PBXFileReference; lastKnownFileType = text; path = ActivityUnion.graphql; sourceTree = "<group>"; };
		00FA0C27258452BA00A08117 /* Like.graphql.swift */ = {isa = PBXFileReference; fileEncoding = 4; lastKnownFileType = sourcecode.swift; path = Like.graphql.swift; sourceTree = "<group>"; };
		00FA0C28258452BA00A08117 /* ActivityFeed.graphql.swift */ = {isa = PBXFileReference; fileEncoding = 4; lastKnownFileType = sourcecode.swift; path = ActivityFeed.graphql.swift; sourceTree = "<group>"; };
		00FA0C29258452BA00A08117 /* ActivitySubscription.graphql.swift */ = {isa = PBXFileReference; fileEncoding = 4; lastKnownFileType = sourcecode.swift; path = ActivitySubscription.graphql.swift; sourceTree = "<group>"; };
		00FA0C2A258452BA00A08117 /* Media.graphql.swift */ = {isa = PBXFileReference; fileEncoding = 4; lastKnownFileType = sourcecode.swift; path = Media.graphql.swift; sourceTree = "<group>"; };
		00FA0C2B258452BA00A08117 /* MediaEditor.graphql.swift */ = {isa = PBXFileReference; fileEncoding = 4; lastKnownFileType = sourcecode.swift; path = MediaEditor.graphql.swift; sourceTree = "<group>"; };
		00FA0C2C258452BA00A08117 /* CurrentUser.graphql.swift */ = {isa = PBXFileReference; fileEncoding = 4; lastKnownFileType = sourcecode.swift; path = CurrentUser.graphql.swift; sourceTree = "<group>"; };
		00FA0C2D258452BA00A08117 /* Types.graphql.swift */ = {isa = PBXFileReference; fileEncoding = 4; lastKnownFileType = sourcecode.swift; path = Types.graphql.swift; sourceTree = "<group>"; };
		00FA0C2E258452BA00A08117 /* Markdown.graphql.swift */ = {isa = PBXFileReference; fileEncoding = 4; lastKnownFileType = sourcecode.swift; path = Markdown.graphql.swift; sourceTree = "<group>"; };
		00FA0C2F258452BA00A08117 /* ActivityUnion.graphql.swift */ = {isa = PBXFileReference; fileEncoding = 4; lastKnownFileType = sourcecode.swift; path = ActivityUnion.graphql.swift; sourceTree = "<group>"; };
		00FA0C4625845B3A00A08117 /* GraphQLCustomScalars.swift */ = {isa = PBXFileReference; lastKnownFileType = sourcecode.swift; path = GraphQLCustomScalars.swift; sourceTree = "<group>"; };
		00FA0C4F2584F4D200A08117 /* String+Capitalize.swift */ = {isa = PBXFileReference; fileEncoding = 4; lastKnownFileType = sourcecode.swift; path = "String+Capitalize.swift"; sourceTree = "<group>"; };
/* End PBXFileReference section */

/* Begin PBXFrameworksBuildPhase section */
		002D81082582BF1A00866A31 /* Frameworks */ = {
			isa = PBXFrameworksBuildPhase;
			buildActionMask = 2147483647;
			files = (
			);
			runOnlyForDeploymentPostprocessing = 0;
		};
		00869F112502A75300D2DB6F /* Frameworks */ = {
			isa = PBXFrameworksBuildPhase;
			buildActionMask = 2147483647;
			files = (
				007A20952570B05A00FB0713 /* Logging in Frameworks */,
				00C108922573426000E3DCBA /* SwiftSoup in Frameworks */,
				00869F4C2502B1D200D2DB6F /* SDWebImageSwiftUI in Frameworks */,
				00869F4F2502B2D600D2DB6F /* Apollo in Frameworks */,
			);
			runOnlyForDeploymentPostprocessing = 0;
		};
/* End PBXFrameworksBuildPhase section */

/* Begin PBXGroup section */
		002D810C2582BF1A00866A31 /* macOS */ = {
			isa = PBXGroup;
			children = (
				002D81162582BF1F00866A31 /* Info.plist */,
				002D81172582BF1F00866A31 /* macOS.entitlements */,
			);
			path = macOS;
			sourceTree = "<group>";
		};
		002D81282582F35700866A31 /* Queries */ = {
			isa = PBXGroup;
			children = (
				00CA1971252F7B0300B1D2D8 /* ActivityFeed.graphql */,
				00C9B2FB251F996F000A8139 /* CurrentUser.graphql */,
				00C108972573619D00E3DCBA /* Markdown.graphql */,
				002D81512583212500866A31 /* Media.graphql */,
				0071E8C32583A7D900173A16 /* MediaEditor.graphql */,
			);
			path = Queries;
			sourceTree = "<group>";
		};
		002D81292582F36600866A31 /* Mutations */ = {
			isa = PBXGroup;
			children = (
				002D812B2582F40B00866A31 /* ActivitySubscription.graphql */,
				00F3864D257E9B11000DBDA0 /* Like.graphql */,
			);
			path = Mutations;
			sourceTree = "<group>";
		};
		002D8149258308FB00866A31 /* Editor */ = {
			isa = PBXGroup;
			children = (
				002D814A2583090E00866A31 /* MediaEditorView.swift */,
				0071E89E258337D600173A16 /* MediaEditorViewModel.swift */,
				00C8C3922587E7A500443135 /* Sections */,
			);
			path = Editor;
			sourceTree = "<group>";
		};
		0037152F256BF39000F68734 /* Media */ = {
			isa = PBXGroup;
			children = (
				00371530256BF39B00F68734 /* MediaView.swift */,
				002D8149258308FB00866A31 /* Editor */,
			);
			path = Media;
			sourceTree = "<group>";
		};
		0037153F256C140000F68734 /* User */ = {
			isa = PBXGroup;
			children = (
				00371540256C141100F68734 /* UserView.swift */,
			);
			path = User;
			sourceTree = "<group>";
		};
		0057D5C82569712F0085D9EF /* Activity */ = {
			isa = PBXGroup;
			children = (
				00F18C02257D728300AB0183 /* ActivityListKindView.swift */,
				00E3656D2581D687007DAF08 /* ActivityTextKindView.swift */,
				00F18C00257D725200AB0183 /* Feed */,
			);
			path = Activity;
			sourceTree = "<group>";
		};
		0071E87E25832B2100173A16 /* Fragments */ = {
			isa = PBXGroup;
			children = (
				00F3865E257EA06F000DBDA0 /* ActivityUnion.graphql */,
			);
			path = Fragments;
			sourceTree = "<group>";
		};
		0073DB7E251EEE2E000C1FA1 /* Settings */ = {
			isa = PBXGroup;
			children = (
				0073DB7F251EEE48000C1FA1 /* SettingsKeys.swift */,
			);
			path = Settings;
			sourceTree = "<group>";
		};
		00869F072502A75100D2DB6F = {
			isa = PBXGroup;
			children = (
				00869F672502D79300D2DB6F /* .gitignore */,
				00869F662502D68C00D2DB6F /* LICENSE */,
				00869F682502D7E500D2DB6F /* README.md */,
				00869F0C2502A75100D2DB6F /* Shared */,
				00869F162502A75300D2DB6F /* iOS */,
				002D810C2582BF1A00866A31 /* macOS */,
				00869F152502A75300D2DB6F /* Products */,
			);
			sourceTree = "<group>";
		};
		00869F0C2502A75100D2DB6F /* Shared */ = {
			isa = PBXGroup;
			children = (
				00869F0D2502A75100D2DB6F /* AmincappApp.swift */,
				00869F0E2502A75100D2DB6F /* ContentView.swift */,
				00C10889257341B600E3DCBA /* RichView.swift */,
				00869F0F2502A75300D2DB6F /* Assets.xcassets */,
				00986BD4256878D40008D80C /* Environments */,
				008CDBF025169A8B00B948D4 /* Extensions */,
				00CAB6EE251977CA00B8C64F /* Features */,
				00C9B2F9251F9830000A8139 /* GraphQL */,
				00869F622502CACE00D2DB6F /* Networking */,
				0073DB7E251EEE2E000C1FA1 /* Settings */,
			);
			path = Shared;
			sourceTree = "<group>";
		};
		00869F152502A75300D2DB6F /* Products */ = {
			isa = PBXGroup;
			children = (
				00869F142502A75300D2DB6F /* Amincapp.app */,
				002D810B2582BF1A00866A31 /* Amincapp (macOS).app */,
			);
			name = Products;
			sourceTree = "<group>";
		};
		00869F162502A75300D2DB6F /* iOS */ = {
			isa = PBXGroup;
			children = (
				00869F172502A75300D2DB6F /* Info.plist */,
				0070E5EF2503045200BC0509 /* TabNavigationView.swift */,
			);
			path = iOS;
			sourceTree = "<group>";
		};
		00869F622502CACE00D2DB6F /* Networking */ = {
			isa = PBXGroup;
			children = (
				00869F632502CAE600D2DB6F /* GraphQLNetwork.swift */,
			);
			path = Networking;
			sourceTree = "<group>";
		};
		008CDBF025169A8B00B948D4 /* Extensions */ = {
			isa = PBXGroup;
			children = (
				00CA19A3252FA04B00B1D2D8 /* Activity+Identifiable.swift */,
				006ED0E42517C9F6004992F7 /* Color+Hex.swift */,
				00FA0C4625845B3A00A08117 /* GraphQLCustomScalars.swift */,
				00FA0C4F2584F4D200A08117 /* String+Capitalize.swift */,
				00E365642581B56E007DAF08 /* Modifiers */,
			);
			path = Extensions;
			sourceTree = "<group>";
		};
		00986BD4256878D40008D80C /* Environments */ = {
			isa = PBXGroup;
			children = (
				00836395256782CA002A16B4 /* AniList.swift */,
				00986BC9256878C90008D80C /* CurrentUser.swift */,
			);
			path = Environments;
			sourceTree = "<group>";
		};
		00BB687F251FE13B00B7DDC9 /* API */ = {
			isa = PBXGroup;
			children = (
				00BB6880251FE14A00B7DDC9 /* AniList */,
			);
			path = API;
			sourceTree = "<group>";
		};
		00BB6880251FE14A00B7DDC9 /* AniList */ = {
			isa = PBXGroup;
			children = (
				00FA0C28258452BA00A08117 /* ActivityFeed.graphql.swift */,
				00FA0C29258452BA00A08117 /* ActivitySubscription.graphql.swift */,
				00FA0C2F258452BA00A08117 /* ActivityUnion.graphql.swift */,
				00FA0C2C258452BA00A08117 /* CurrentUser.graphql.swift */,
				00FA0C27258452BA00A08117 /* Like.graphql.swift */,
				00FA0C2E258452BA00A08117 /* Markdown.graphql.swift */,
				00FA0C2A258452BA00A08117 /* Media.graphql.swift */,
				00FA0C2B258452BA00A08117 /* MediaEditor.graphql.swift */,
				00FA0C2D258452BA00A08117 /* Types.graphql.swift */,
			);
			path = AniList;
			sourceTree = "<group>";
		};
		00C8C3922587E7A500443135 /* Sections */ = {
			isa = PBXGroup;
			children = (
				00C8C3932587E7E200443135 /* MediaEditorFormOverviewView.swift */,
				00C8C39A2587E92000443135 /* MediaEditorFormProgressView.swift */,
				00C8C39F2587EB8700443135 /* MediaEditorFormAdvancedScoresView.swift */,
				00C8C3A42587ED3000443135 /* MediaEditorFormCustomListView.swift */,
			);
			path = Sections;
			sourceTree = "<group>";
		};
		00C9B2F9251F9830000A8139 /* GraphQL */ = {
			isa = PBXGroup;
			children = (
				00BB687F251FE13B00B7DDC9 /* API */,
				00C9B2FA251F9847000A8139 /* AniList */,
			);
			path = GraphQL;
			sourceTree = "<group>";
		};
		00C9B2FA251F9847000A8139 /* AniList */ = {
			isa = PBXGroup;
			children = (
				00869F542502C0EE00D2DB6F /* schema.json */,
				0071E87E25832B2100173A16 /* Fragments */,
				002D81292582F36600866A31 /* Mutations */,
				002D81282582F35700866A31 /* Queries */,
			);
			path = AniList;
			sourceTree = "<group>";
		};
		00CAB6EE251977CA00B8C64F /* Features */ = {
			isa = PBXGroup;
			children = (
				0057D5C82569712F0085D9EF /* Activity */,
				0037152F256BF39000F68734 /* Media */,
				0037153F256C140000F68734 /* User */,
			);
			path = Features;
			sourceTree = "<group>";
		};
		00E365642581B56E007DAF08 /* Modifiers */ = {
			isa = PBXGroup;
			children = (
				00E365652581B5A7007DAF08 /* CurrentUserViewModifier.swift */,
			);
			path = Modifiers;
			sourceTree = "<group>";
		};
		00F18C00257D725200AB0183 /* Feed */ = {
			isa = PBXGroup;
			children = (
				00152BA4257C13CF0080C352 /* ActivityFeedView.swift */,
				00152BA9257C15400080C352 /* ActivityFeedViewModel.swift */,
			);
			path = Feed;
			sourceTree = "<group>";
		};
/* End PBXGroup section */

/* Begin PBXNativeTarget section */
		002D810A2582BF1A00866A31 /* Amincapp (macOS) */ = {
			isa = PBXNativeTarget;
			buildConfigurationList = 002D81182582BF1F00866A31 /* Build configuration list for PBXNativeTarget "Amincapp (macOS)" */;
			buildPhases = (
				002D81072582BF1A00866A31 /* Sources */,
				002D81082582BF1A00866A31 /* Frameworks */,
				002D81092582BF1A00866A31 /* Resources */,
			);
			buildRules = (
			);
			dependencies = (
			);
			name = "Amincapp (macOS)";
			productName = Amincapp;
			productReference = 002D810B2582BF1A00866A31 /* Amincapp (macOS).app */;
			productType = "com.apple.product-type.application";
		};
		00869F132502A75300D2DB6F /* Amincapp (iOS) */ = {
			isa = PBXNativeTarget;
			buildConfigurationList = 00869F3E2502A75300D2DB6F /* Build configuration list for PBXNativeTarget "Amincapp (iOS)" */;
			buildPhases = (
				00869F502502B85900D2DB6F /* Generate Apollo GraphQL API */,
				00869F102502A75300D2DB6F /* Sources */,
				00869F112502A75300D2DB6F /* Frameworks */,
				00869F122502A75300D2DB6F /* Resources */,
			);
			buildRules = (
			);
			dependencies = (
			);
			name = "Amincapp (iOS)";
			packageProductDependencies = (
				00869F4B2502B1D200D2DB6F /* SDWebImageSwiftUI */,
				00869F4E2502B2D600D2DB6F /* Apollo */,
				007A20942570B05A00FB0713 /* Logging */,
				00C108912573426000E3DCBA /* SwiftSoup */,
			);
			productName = "Anime Catalog (iOS)";
			productReference = 00869F142502A75300D2DB6F /* Amincapp.app */;
			productType = "com.apple.product-type.application";
		};
/* End PBXNativeTarget section */

/* Begin PBXProject section */
		00869F082502A75100D2DB6F /* Project object */ = {
			isa = PBXProject;
			attributes = {
				LastSwiftUpdateCheck = 1220;
				LastUpgradeCheck = 1200;
				TargetAttributes = {
					002D810A2582BF1A00866A31 = {
						CreatedOnToolsVersion = 12.2;
						LastSwiftMigration = 1220;
					};
					00869F132502A75300D2DB6F = {
						CreatedOnToolsVersion = 12.0;
					};
				};
			};
			buildConfigurationList = 00869F0B2502A75100D2DB6F /* Build configuration list for PBXProject "Amincapp" */;
			compatibilityVersion = "Xcode 9.3";
			developmentRegion = en;
			hasScannedForEncodings = 0;
			knownRegions = (
				en,
				Base,
			);
			mainGroup = 00869F072502A75100D2DB6F;
			packageReferences = (
				00869F4A2502B1D200D2DB6F /* XCRemoteSwiftPackageReference "SDWebImageSwiftUI" */,
				00869F4D2502B2D600D2DB6F /* XCRemoteSwiftPackageReference "apollo-ios" */,
				007A20932570B05900FB0713 /* XCRemoteSwiftPackageReference "swift-log" */,
				00C108902573426000E3DCBA /* XCRemoteSwiftPackageReference "SwiftSoup" */,
			);
			productRefGroup = 00869F152502A75300D2DB6F /* Products */;
			projectDirPath = "";
			projectRoot = "";
			targets = (
				00869F132502A75300D2DB6F /* Amincapp (iOS) */,
				002D810A2582BF1A00866A31 /* Amincapp (macOS) */,
			);
		};
/* End PBXProject section */

/* Begin PBXResourcesBuildPhase section */
		002D81092582BF1A00866A31 /* Resources */ = {
			isa = PBXResourcesBuildPhase;
			buildActionMask = 2147483647;
			files = (
			);
			runOnlyForDeploymentPostprocessing = 0;
		};
		00869F122502A75300D2DB6F /* Resources */ = {
			isa = PBXResourcesBuildPhase;
			buildActionMask = 2147483647;
			files = (
				00869F3A2502A75300D2DB6F /* Assets.xcassets in Resources */,
			);
			runOnlyForDeploymentPostprocessing = 0;
		};
/* End PBXResourcesBuildPhase section */

/* Begin PBXShellScriptBuildPhase section */
		00869F502502B85900D2DB6F /* Generate Apollo GraphQL API */ = {
			isa = PBXShellScriptBuildPhase;
			buildActionMask = 2147483647;
			files = (
			);
			inputFileListPaths = (
			);
			inputPaths = (
				"$(SRCROOT)/**/GraphQL/**/*.graphql",
			);
			name = "Generate Apollo GraphQL API";
			outputFileListPaths = (
			);
			outputPaths = (
			);
			runOnlyForDeploymentPostprocessing = 0;
			shellPath = /bin/sh;
			shellScript = "# Go to the build root and search up the chain to find the Derived Data Path where the source packages are checked out.\nDERIVED_DATA_CANDIDATE=\"${BUILD_ROOT}\"\n\nwhile ! [ -d \"${DERIVED_DATA_CANDIDATE}/SourcePackages\" ]; do\n  if [ \"${DERIVED_DATA_CANDIDATE}\" = / ]; then\n    echo >&2 \"error: Unable to locate SourcePackages directory from BUILD_ROOT: '${BUILD_ROOT}'\"\n    exit 1\n  fi\n\n  DERIVED_DATA_CANDIDATE=\"$(dirname \"${DERIVED_DATA_CANDIDATE}\")\"\ndone\n\n# Grab a reference to the directory where scripts are checked out\nSCRIPT_PATH=\"${DERIVED_DATA_CANDIDATE}/SourcePackages/checkouts/apollo-ios/scripts\"\n\nif [ -z \"${SCRIPT_PATH}\" ]; then\n    echo >&2 \"error: Couldn't find the CLI script in your checked out SPM packages; make sure to add the framework to your project.\"\n    exit 1\nfi\n\ncd \"${SRCROOT}/${TARGET_NAME}\"\n\n# AniList\n\"${SCRIPT_PATH}\"/run-bundled-codegen.sh codegen:generate --omitDeprecatedEnumCases --passthroughCustomScalars --target swift --includes './Shared/GraphQL/AniList/**/*.graphql' --localSchemaFile ./Shared/GraphQL/AniList/schema.json ./Shared/GraphQL/API/AniList\n\n# Schema downloader\n# \"${SCRIPT_PATH}\"/run-bundled-codegen.sh schema:download --endpoint=\"https://graphql.anilist.co\" ./Shared/GraphQL/AniList/schema.json\n";
		};
/* End PBXShellScriptBuildPhase section */

/* Begin PBXSourcesBuildPhase section */
		002D81072582BF1A00866A31 /* Sources */ = {
			isa = PBXSourcesBuildPhase;
			buildActionMask = 2147483647;
			files = (
				00FA0C31258452BA00A08117 /* Like.graphql.swift in Sources */,
				00FA0C37258452BA00A08117 /* Media.graphql.swift in Sources */,
				00C8C3A62587ED3000443135 /* MediaEditorFormCustomListView.swift in Sources */,
				00FA0C35258452BA00A08117 /* ActivitySubscription.graphql.swift in Sources */,
				00FA0C512584F4D200A08117 /* String+Capitalize.swift in Sources */,
				00FA0C41258452BA00A08117 /* ActivityUnion.graphql.swift in Sources */,
				00FA0C3F258452BA00A08117 /* Markdown.graphql.swift in Sources */,
				00C8C39C2587E92000443135 /* MediaEditorFormProgressView.swift in Sources */,
				00FA0C3B258452BA00A08117 /* CurrentUser.graphql.swift in Sources */,
				00FA0C3D258452BA00A08117 /* Types.graphql.swift in Sources */,
				0071E8A0258337D600173A16 /* MediaEditorViewModel.swift in Sources */,
				00C8C3952587E7E200443135 /* MediaEditorFormOverviewView.swift in Sources */,
				00FA0C4825845B3A00A08117 /* GraphQLCustomScalars.swift in Sources */,
				00FA0C39258452BA00A08117 /* MediaEditor.graphql.swift in Sources */,
				00C8C3A12587EB8700443135 /* MediaEditorFormAdvancedScoresView.swift in Sources */,
				002D814C2583090E00866A31 /* MediaEditorView.swift in Sources */,
				00FA0C33258452BA00A08117 /* ActivityFeed.graphql.swift in Sources */,
			);
			runOnlyForDeploymentPostprocessing = 0;
		};
		00869F102502A75300D2DB6F /* Sources */ = {
			isa = PBXSourcesBuildPhase;
			buildActionMask = 2147483647;
			files = (
				00FA0C38258452BA00A08117 /* MediaEditor.graphql.swift in Sources */,
				00E3656E2581D687007DAF08 /* ActivityTextKindView.swift in Sources */,
				006ED0E52517C9F6004992F7 /* Color+Hex.swift in Sources */,
				00FA0C3C258452BA00A08117 /* Types.graphql.swift in Sources */,
				00986BCA256878C90008D80C /* CurrentUser.swift in Sources */,
				002D814B2583090E00866A31 /* MediaEditorView.swift in Sources */,
				00869F642502CAE600D2DB6F /* GraphQLNetwork.swift in Sources */,
				00FA0C4725845B3A00A08117 /* GraphQLCustomScalars.swift in Sources */,
				00E365662581B5A7007DAF08 /* CurrentUserViewModifier.swift in Sources */,
				00FA0C32258452BA00A08117 /* ActivityFeed.graphql.swift in Sources */,
				00F18BFD257C713900AB0183 /* ActivityFeedView.swift in Sources */,
				00FA0C34258452BA00A08117 /* ActivitySubscription.graphql.swift in Sources */,
				00C8C3942587E7E200443135 /* MediaEditorFormOverviewView.swift in Sources */,
				00371541256C141100F68734 /* UserView.swift in Sources */,
				00FA0C3E258452BA00A08117 /* Markdown.graphql.swift in Sources */,
				00F18C03257D728300AB0183 /* ActivityListKindView.swift in Sources */,
				00FA0C3A258452BA00A08117 /* CurrentUser.graphql.swift in Sources */,
				00FA0C502584F4D200A08117 /* String+Capitalize.swift in Sources */,
				00C1088A257341B600E3DCBA /* RichView.swift in Sources */,
				00C8C3A52587ED3000443135 /* MediaEditorFormCustomListView.swift in Sources */,
				00C8C3A02587EB8700443135 /* MediaEditorFormAdvancedScoresView.swift in Sources */,
				00152BAA257C15400080C352 /* ActivityFeedViewModel.swift in Sources */,
				00FA0C40258452BA00A08117 /* ActivityUnion.graphql.swift in Sources */,
				00C8C39B2587E92000443135 /* MediaEditorFormProgressView.swift in Sources */,
				00836396256782CA002A16B4 /* AniList.swift in Sources */,
				00371531256BF39B00F68734 /* MediaView.swift in Sources */,
				0070E5F02503045200BC0509 /* TabNavigationView.swift in Sources */,
				00FA0C30258452BA00A08117 /* Like.graphql.swift in Sources */,
				00CA19A4252FA04B00B1D2D8 /* Activity+Identifiable.swift in Sources */,
				00FA0C36258452BA00A08117 /* Media.graphql.swift in Sources */,
				00869F382502A75300D2DB6F /* ContentView.swift in Sources */,
				0071E89F258337D600173A16 /* MediaEditorViewModel.swift in Sources */,
				00869F362502A75300D2DB6F /* AmincappApp.swift in Sources */,
				0073DB80251EEE48000C1FA1 /* SettingsKeys.swift in Sources */,
			);
			runOnlyForDeploymentPostprocessing = 0;
		};
/* End PBXSourcesBuildPhase section */

/* Begin XCBuildConfiguration section */
		002D81192582BF1F00866A31 /* Debug */ = {
			isa = XCBuildConfiguration;
			buildSettings = {
				ASSETCATALOG_COMPILER_APPICON_NAME = AppIcon;
				ASSETCATALOG_COMPILER_GLOBAL_ACCENT_COLOR_NAME = AccentColor;
				CLANG_ENABLE_MODULES = YES;
				CODE_SIGN_ENTITLEMENTS = macOS/macOS.entitlements;
				CODE_SIGN_STYLE = Automatic;
				COMBINE_HIDPI_IMAGES = YES;
				DEVELOPMENT_ASSET_PATHS = "";
				DEVELOPMENT_TEAM = UYJ357XWK6;
				ENABLE_HARDENED_RUNTIME = YES;
				ENABLE_PREVIEWS = YES;
				INFOPLIST_FILE = macOS/Info.plist;
				LD_RUNPATH_SEARCH_PATHS = (
					"$(inherited)",
					"@executable_path/../Frameworks",
				);
				MACOSX_DEPLOYMENT_TARGET = 11.0;
				MARKETING_VERSION = 0.1.0;
				PRODUCT_BUNDLE_IDENTIFIER = "com.github.litelt.Amincapp-Apple";
				PRODUCT_NAME = "$(TARGET_NAME)";
				SDKROOT = macosx;
				SWIFT_OPTIMIZATION_LEVEL = "-Onone";
				SWIFT_VERSION = 5.0;
			};
			name = Debug;
		};
		002D811A2582BF1F00866A31 /* Release */ = {
			isa = XCBuildConfiguration;
			buildSettings = {
				ASSETCATALOG_COMPILER_APPICON_NAME = AppIcon;
				ASSETCATALOG_COMPILER_GLOBAL_ACCENT_COLOR_NAME = AccentColor;
				CLANG_ENABLE_MODULES = YES;
				CODE_SIGN_ENTITLEMENTS = macOS/macOS.entitlements;
				CODE_SIGN_STYLE = Automatic;
				COMBINE_HIDPI_IMAGES = YES;
				DEVELOPMENT_ASSET_PATHS = "";
				DEVELOPMENT_TEAM = UYJ357XWK6;
				ENABLE_HARDENED_RUNTIME = YES;
				ENABLE_PREVIEWS = YES;
				INFOPLIST_FILE = macOS/Info.plist;
				LD_RUNPATH_SEARCH_PATHS = (
					"$(inherited)",
					"@executable_path/../Frameworks",
				);
				MACOSX_DEPLOYMENT_TARGET = 11.0;
				MARKETING_VERSION = 0.1.0;
				PRODUCT_BUNDLE_IDENTIFIER = "com.github.litelt.Amincapp-Apple";
				PRODUCT_NAME = "$(TARGET_NAME)";
				SDKROOT = macosx;
				SWIFT_VERSION = 5.0;
			};
			name = Release;
		};
		00869F3C2502A75300D2DB6F /* Debug */ = {
			isa = XCBuildConfiguration;
			buildSettings = {
				ALWAYS_SEARCH_USER_PATHS = NO;
				CLANG_ANALYZER_NONNULL = YES;
				CLANG_ANALYZER_NUMBER_OBJECT_CONVERSION = YES_AGGRESSIVE;
				CLANG_CXX_LANGUAGE_STANDARD = "gnu++14";
				CLANG_CXX_LIBRARY = "libc++";
				CLANG_ENABLE_MODULES = YES;
				CLANG_ENABLE_OBJC_ARC = YES;
				CLANG_ENABLE_OBJC_WEAK = YES;
				CLANG_WARN_BLOCK_CAPTURE_AUTORELEASING = YES;
				CLANG_WARN_BOOL_CONVERSION = YES;
				CLANG_WARN_COMMA = YES;
				CLANG_WARN_CONSTANT_CONVERSION = YES;
				CLANG_WARN_DEPRECATED_OBJC_IMPLEMENTATIONS = YES;
				CLANG_WARN_DIRECT_OBJC_ISA_USAGE = YES_ERROR;
				CLANG_WARN_DOCUMENTATION_COMMENTS = YES;
				CLANG_WARN_EMPTY_BODY = YES;
				CLANG_WARN_ENUM_CONVERSION = YES;
				CLANG_WARN_INFINITE_RECURSION = YES;
				CLANG_WARN_INT_CONVERSION = YES;
				CLANG_WARN_NON_LITERAL_NULL_CONVERSION = YES;
				CLANG_WARN_OBJC_IMPLICIT_RETAIN_SELF = YES;
				CLANG_WARN_OBJC_LITERAL_CONVERSION = YES;
				CLANG_WARN_OBJC_ROOT_CLASS = YES_ERROR;
				CLANG_WARN_QUOTED_INCLUDE_IN_FRAMEWORK_HEADER = YES;
				CLANG_WARN_RANGE_LOOP_ANALYSIS = YES;
				CLANG_WARN_STRICT_PROTOTYPES = YES;
				CLANG_WARN_SUSPICIOUS_MOVE = YES;
				CLANG_WARN_UNGUARDED_AVAILABILITY = YES_AGGRESSIVE;
				CLANG_WARN_UNREACHABLE_CODE = YES;
				CLANG_WARN__DUPLICATE_METHOD_MATCH = YES;
				COPY_PHASE_STRIP = NO;
				DEBUG_INFORMATION_FORMAT = dwarf;
				ENABLE_STRICT_OBJC_MSGSEND = YES;
				ENABLE_TESTABILITY = YES;
				GCC_C_LANGUAGE_STANDARD = gnu11;
				GCC_DYNAMIC_NO_PIC = NO;
				GCC_NO_COMMON_BLOCKS = YES;
				GCC_OPTIMIZATION_LEVEL = 0;
				GCC_PREPROCESSOR_DEFINITIONS = (
					"DEBUG=1",
					"$(inherited)",
				);
				GCC_WARN_64_TO_32_BIT_CONVERSION = YES;
				GCC_WARN_ABOUT_RETURN_TYPE = YES_ERROR;
				GCC_WARN_UNDECLARED_SELECTOR = YES;
				GCC_WARN_UNINITIALIZED_AUTOS = YES_AGGRESSIVE;
				GCC_WARN_UNUSED_FUNCTION = YES;
				GCC_WARN_UNUSED_VARIABLE = YES;
				MTL_ENABLE_DEBUG_INFO = INCLUDE_SOURCE;
				MTL_FAST_MATH = YES;
				ONLY_ACTIVE_ARCH = YES;
				SWIFT_ACTIVE_COMPILATION_CONDITIONS = DEBUG;
				SWIFT_OPTIMIZATION_LEVEL = "-Onone";
			};
			name = Debug;
		};
		00869F3D2502A75300D2DB6F /* Release */ = {
			isa = XCBuildConfiguration;
			buildSettings = {
				ALWAYS_SEARCH_USER_PATHS = NO;
				CLANG_ANALYZER_NONNULL = YES;
				CLANG_ANALYZER_NUMBER_OBJECT_CONVERSION = YES_AGGRESSIVE;
				CLANG_CXX_LANGUAGE_STANDARD = "gnu++14";
				CLANG_CXX_LIBRARY = "libc++";
				CLANG_ENABLE_MODULES = YES;
				CLANG_ENABLE_OBJC_ARC = YES;
				CLANG_ENABLE_OBJC_WEAK = YES;
				CLANG_WARN_BLOCK_CAPTURE_AUTORELEASING = YES;
				CLANG_WARN_BOOL_CONVERSION = YES;
				CLANG_WARN_COMMA = YES;
				CLANG_WARN_CONSTANT_CONVERSION = YES;
				CLANG_WARN_DEPRECATED_OBJC_IMPLEMENTATIONS = YES;
				CLANG_WARN_DIRECT_OBJC_ISA_USAGE = YES_ERROR;
				CLANG_WARN_DOCUMENTATION_COMMENTS = YES;
				CLANG_WARN_EMPTY_BODY = YES;
				CLANG_WARN_ENUM_CONVERSION = YES;
				CLANG_WARN_INFINITE_RECURSION = YES;
				CLANG_WARN_INT_CONVERSION = YES;
				CLANG_WARN_NON_LITERAL_NULL_CONVERSION = YES;
				CLANG_WARN_OBJC_IMPLICIT_RETAIN_SELF = YES;
				CLANG_WARN_OBJC_LITERAL_CONVERSION = YES;
				CLANG_WARN_OBJC_ROOT_CLASS = YES_ERROR;
				CLANG_WARN_QUOTED_INCLUDE_IN_FRAMEWORK_HEADER = YES;
				CLANG_WARN_RANGE_LOOP_ANALYSIS = YES;
				CLANG_WARN_STRICT_PROTOTYPES = YES;
				CLANG_WARN_SUSPICIOUS_MOVE = YES;
				CLANG_WARN_UNGUARDED_AVAILABILITY = YES_AGGRESSIVE;
				CLANG_WARN_UNREACHABLE_CODE = YES;
				CLANG_WARN__DUPLICATE_METHOD_MATCH = YES;
				COPY_PHASE_STRIP = NO;
				DEBUG_INFORMATION_FORMAT = "dwarf-with-dsym";
				ENABLE_NS_ASSERTIONS = NO;
				ENABLE_STRICT_OBJC_MSGSEND = YES;
				GCC_C_LANGUAGE_STANDARD = gnu11;
				GCC_NO_COMMON_BLOCKS = YES;
				GCC_WARN_64_TO_32_BIT_CONVERSION = YES;
				GCC_WARN_ABOUT_RETURN_TYPE = YES_ERROR;
				GCC_WARN_UNDECLARED_SELECTOR = YES;
				GCC_WARN_UNINITIALIZED_AUTOS = YES_AGGRESSIVE;
				GCC_WARN_UNUSED_FUNCTION = YES;
				GCC_WARN_UNUSED_VARIABLE = YES;
				MTL_ENABLE_DEBUG_INFO = NO;
				MTL_FAST_MATH = YES;
				SWIFT_COMPILATION_MODE = wholemodule;
				SWIFT_OPTIMIZATION_LEVEL = "-O";
			};
			name = Release;
		};
		00869F3F2502A75300D2DB6F /* Debug */ = {
			isa = XCBuildConfiguration;
			buildSettings = {
				ASSETCATALOG_COMPILER_APPICON_NAME = AppIcon;
				ASSETCATALOG_COMPILER_GLOBAL_ACCENT_COLOR_NAME = AccentColor;
				CODE_SIGN_IDENTITY = "Apple Development";
				CODE_SIGN_STYLE = Automatic;
				CURRENT_PROJECT_VERSION = 1;
				DEVELOPMENT_TEAM = UYJ357XWK6;
				ENABLE_PREVIEWS = YES;
				INFOPLIST_FILE = iOS/Info.plist;
				IPHONEOS_DEPLOYMENT_TARGET = 14.0;
				LD_RUNPATH_SEARCH_PATHS = (
					"$(inherited)",
					"@executable_path/Frameworks",
				);
				MARKETING_VERSION = 0.1.0;
				PRODUCT_BUNDLE_IDENTIFIER = "com.github.litelt.Amincapp-Apple";
				PRODUCT_NAME = Amincapp;
				PROVISIONING_PROFILE_SPECIFIER = "";
				SDKROOT = iphoneos;
				SWIFT_VERSION = 5.0;
				TARGETED_DEVICE_FAMILY = "1,2";
			};
			name = Debug;
		};
		00869F402502A75300D2DB6F /* Release */ = {
			isa = XCBuildConfiguration;
			buildSettings = {
				ASSETCATALOG_COMPILER_APPICON_NAME = AppIcon;
				ASSETCATALOG_COMPILER_GLOBAL_ACCENT_COLOR_NAME = AccentColor;
				CODE_SIGN_IDENTITY = "Apple Development";
				CODE_SIGN_STYLE = Automatic;
				CURRENT_PROJECT_VERSION = 1;
				DEVELOPMENT_TEAM = UYJ357XWK6;
				ENABLE_PREVIEWS = YES;
				INFOPLIST_FILE = iOS/Info.plist;
				IPHONEOS_DEPLOYMENT_TARGET = 14.0;
				LD_RUNPATH_SEARCH_PATHS = (
					"$(inherited)",
					"@executable_path/Frameworks",
				);
				MARKETING_VERSION = 0.1.0;
				PRODUCT_BUNDLE_IDENTIFIER = "com.github.litelt.Amincapp-Apple";
				PRODUCT_NAME = Amincapp;
				PROVISIONING_PROFILE_SPECIFIER = "";
				SDKROOT = iphoneos;
				SWIFT_VERSION = 5.0;
				TARGETED_DEVICE_FAMILY = "1,2";
				VALIDATE_PRODUCT = YES;
			};
			name = Release;
		};
/* End XCBuildConfiguration section */

/* Begin XCConfigurationList section */
		002D81182582BF1F00866A31 /* Build configuration list for PBXNativeTarget "Amincapp (macOS)" */ = {
			isa = XCConfigurationList;
			buildConfigurations = (
				002D81192582BF1F00866A31 /* Debug */,
				002D811A2582BF1F00866A31 /* Release */,
			);
			defaultConfigurationIsVisible = 0;
			defaultConfigurationName = Release;
		};
		00869F0B2502A75100D2DB6F /* Build configuration list for PBXProject "Amincapp" */ = {
			isa = XCConfigurationList;
			buildConfigurations = (
				00869F3C2502A75300D2DB6F /* Debug */,
				00869F3D2502A75300D2DB6F /* Release */,
			);
			defaultConfigurationIsVisible = 0;
			defaultConfigurationName = Release;
		};
		00869F3E2502A75300D2DB6F /* Build configuration list for PBXNativeTarget "Amincapp (iOS)" */ = {
			isa = XCConfigurationList;
			buildConfigurations = (
				00869F3F2502A75300D2DB6F /* Debug */,
				00869F402502A75300D2DB6F /* Release */,
			);
			defaultConfigurationIsVisible = 0;
			defaultConfigurationName = Release;
		};
/* End XCConfigurationList section */

/* Begin XCRemoteSwiftPackageReference section */
		007A20932570B05900FB0713 /* XCRemoteSwiftPackageReference "swift-log" */ = {
			isa = XCRemoteSwiftPackageReference;
			repositoryURL = "https://github.com/apple/swift-log";
			requirement = {
				kind = upToNextMinorVersion;
				minimumVersion = 1.4.0;
			};
		};
		00869F4A2502B1D200D2DB6F /* XCRemoteSwiftPackageReference "SDWebImageSwiftUI" */ = {
			isa = XCRemoteSwiftPackageReference;
			repositoryURL = "https://github.com/SDWebImage/SDWebImageSwiftUI.git";
			requirement = {
				kind = upToNextMinorVersion;
				minimumVersion = 1.5.0;
			};
		};
		00869F4D2502B2D600D2DB6F /* XCRemoteSwiftPackageReference "apollo-ios" */ = {
			isa = XCRemoteSwiftPackageReference;
			repositoryURL = "https://github.com/apollographql/apollo-ios.git";
			requirement = {
				kind = upToNextMinorVersion;
				minimumVersion = 0.38.3;
			};
		};
		00C108902573426000E3DCBA /* XCRemoteSwiftPackageReference "SwiftSoup" */ = {
			isa = XCRemoteSwiftPackageReference;
			repositoryURL = "https://github.com/scinfu/SwiftSoup";
			requirement = {
				kind = upToNextMinorVersion;
				minimumVersion = 2.3.2;
			};
		};
/* End XCRemoteSwiftPackageReference section */

/* Begin XCSwiftPackageProductDependency section */
		007A20942570B05A00FB0713 /* Logging */ = {
			isa = XCSwiftPackageProductDependency;
			package = 007A20932570B05900FB0713 /* XCRemoteSwiftPackageReference "swift-log" */;
			productName = Logging;
		};
		00869F4B2502B1D200D2DB6F /* SDWebImageSwiftUI */ = {
			isa = XCSwiftPackageProductDependency;
			package = 00869F4A2502B1D200D2DB6F /* XCRemoteSwiftPackageReference "SDWebImageSwiftUI" */;
			productName = SDWebImageSwiftUI;
		};
		00869F4E2502B2D600D2DB6F /* Apollo */ = {
			isa = XCSwiftPackageProductDependency;
			package = 00869F4D2502B2D600D2DB6F /* XCRemoteSwiftPackageReference "apollo-ios" */;
			productName = Apollo;
		};
		00C108912573426000E3DCBA /* SwiftSoup */ = {
			isa = XCSwiftPackageProductDependency;
			package = 00C108902573426000E3DCBA /* XCRemoteSwiftPackageReference "SwiftSoup" */;
			productName = SwiftSoup;
		};
/* End XCSwiftPackageProductDependency section */
	};
	rootObject = 00869F082502A75100D2DB6F /* Project object */;
}
